
Microsoft Visual Studio Solution File, Format Version 12.00
# Visual Studio 2013
VisualStudioVersion = 12.0.21005.1
MinimumVisualStudioVersion = 10.0.40219.1
Project("{FAE04EC0-301F-11D3-BF4B-00C04F79EFBC}") = "MetaMind.EngineBuilder", "MetaMind.EngineBuilder\MetaMind.EngineBuilder\MetaMind.EngineBuilder.csproj", "{492C04CF-F181-48AF-B919-FCD639ED711C}"
EndProject
Project("{FAE04EC0-301F-11D3-BF4B-00C04F79EFBC}") = "MetaMind.EngineBuilderContent", "MetaMind.EngineBuilder\MetaMind.EngineBuilderContent\MetaMind.EngineBuilderContent.contentproj", "{27E4729A-1262-4B53-8F6B-56A63A07150A}"
EndProject
Project("{FAE04EC0-301F-11D3-BF4B-00C04F79EFBC}") = "MetaMind.EngineProcessor", "MetaMind.EngineProcessor\MetaMind.EngineProcessor.csproj", "{0A5D6A10-F746-4B7D-9BCA-09269F593D6A}"
EndProject
Project("{FAE04EC0-301F-11D3-BF4B-00C04F79EFBC}") = "MetaMind.Engine", "MetaMind.Engine\MetaMind.Engine.csproj", "{8944C3AB-1865-49CF-9E84-1ECC42AD2C3E}"
	ProjectSection(ProjectDependencies) = postProject
		{0A5D6A10-F746-4B7D-9BCA-09269F593D6A} = {0A5D6A10-F746-4B7D-9BCA-09269F593D6A}
		{39AD1482-1881-4852-A05D-DC61B0D3446A} = {39AD1482-1881-4852-A05D-DC61B0D3446A}
		{492C04CF-F181-48AF-B919-FCD639ED711C} = {492C04CF-F181-48AF-B919-FCD639ED711C}
	EndProjectSection
EndProject
Project("{FAE04EC0-301F-11D3-BF4B-00C04F79EFBC}") = "MetaMind.Acutance", "MetaMind.Acutance\MetaMind.Acutance.csproj", "{B6C5E1B2-3858-4CFA-8409-9F62682BD40D}"
EndProject
Project("{FAE04EC0-301F-11D3-BF4B-00C04F79EFBC}") = "MetaMind.AcutanceBuilder", "MetaMind.AcutanceBuilder\MetaMind.AcutanceBuilder\MetaMind.AcutanceBuilder.csproj", "{B2F2779E-2D35-409D-AC28-0661CA19F08F}"
EndProject
Project("{FAE04EC0-301F-11D3-BF4B-00C04F79EFBC}") = "MetaMind.AcutanceBuilderContent", "MetaMind.AcutanceBuilder\MetaMind.AcutanceBuilderContent\MetaMind.AcutanceBuilderContent.contentproj", "{61B849FB-36B4-4D37-AD86-F27E94E11E32}"
EndProject
Project("{FAE04EC0-301F-11D3-BF4B-00C04F79EFBC}") = "Primitives2D", "ThirdParties\Primitives2D\Primitives2D.csproj", "{39AD1482-1881-4852-A05D-DC61B0D3446A}"
EndProject
Project("{FAE04EC0-301F-11D3-BF4B-00C04F79EFBC}") = "FileSearcher", "ThirdParties\FileSearcher\FileSearcher.csproj", "{B0F2FFCC-02F2-450C-AD5A-B60C685E2112}"
EndProject
Project("{2150E333-8FDC-42A3-9474-1A3956D46DE8}") = "ThirdParties", "ThirdParties", "{480989AD-8D8F-4645-B460-57CB4715D4A7}"
EndProject
Project("{FAE04EC0-301F-11D3-BF4B-00C04F79EFBC}") = "MetaMind.Runtime", "MetaMind.Runtime\MetaMind.Runtime.csproj", "{91A424B6-E62B-4B7A-B30D-331C7E3AF5F0}"
EndProject
Project("{FAE04EC0-301F-11D3-BF4B-00C04F79EFBC}") = "MetaMind.RuntimeBuilder", "MetaMind.RuntimeBuilder\MetaMind.RuntimeBuilder\MetaMind.RuntimeBuilder.csproj", "{5718D82F-2AC8-42BB-A7F0-5309BED3D883}"
EndProject
Project("{FAE04EC0-301F-11D3-BF4B-00C04F79EFBC}") = "MetaMind.RuntimeBuilderContent", "MetaMind.RuntimeBuilder\MetaMind.RuntimeBuilderContent\MetaMind.RuntimeBuilderContent.contentproj", "{27ADEECF-12FD-45F1-BE25-A91AC50F003D}"
EndProject
Project("{FAE04EC0-301F-11D3-BF4B-00C04F79EFBC}") = "MetaMind.AcutanceTest", "MetaMind.AcutanceTest\MetaMind.AcutanceTest.csproj", "{6ABDAA0C-3E4A-48C6-8D37-67A07D32C25E}"
EndProject
Project("{FAE04EC0-301F-11D3-BF4B-00C04F79EFBC}") = "MetaMind.RuntimeTest", "MetaMind.RuntimeTest\MetaMind.RuntimeTest.csproj", "{5CE94B1A-EB7A-464D-94DD-24BC91344B40}"
EndProject
Project("{FAE04EC0-301F-11D3-BF4B-00C04F79EFBC}") = "Stateless", "ThirdParties\Stateless\Stateless\Stateless.csproj", "{A15EEC02-60EC-4705-A58B-A6ECD55A9628}"
EndProject
Project("{FAE04EC0-301F-11D3-BF4B-00C04F79EFBC}") = "MetaMind.EngineTest", "MetaMind.EngineTest\MetaMind.EngineTest.csproj", "{FC36A038-7D01-43CC-B616-8D2F3664B1B4}"
EndProject
Global
	GlobalSection(SolutionConfigurationPlatforms) = preSolution
		Android|Any CPU = Android|Any CPU
		Android|x86 = Android|x86
		Debug|Any CPU = Debug|Any CPU
		Debug|x86 = Debug|x86
		iOS|Any CPU = iOS|Any CPU
		iOS|x86 = iOS|x86
		Linux|Any CPU = Linux|Any CPU
		Linux|x86 = Linux|x86
		OSX|Any CPU = OSX|Any CPU
		OSX|x86 = OSX|x86
		PSM|Any CPU = PSM|Any CPU
		PSM|x86 = PSM|x86
		Release|Any CPU = Release|Any CPU
		Release|x86 = Release|x86
		Windows|Any CPU = Windows|Any CPU
		Windows|x86 = Windows|x86
		Windows8|Any CPU = Windows8|Any CPU
		Windows8|x86 = Windows8|x86
	EndGlobalSection
	GlobalSection(ProjectConfigurationPlatforms) = postSolution
		{492C04CF-F181-48AF-B919-FCD639ED711C}.Android|Any CPU.ActiveCfg = Android|Any CPU
		{492C04CF-F181-48AF-B919-FCD639ED711C}.Android|Any CPU.Build.0 = Android|Any CPU
		{492C04CF-F181-48AF-B919-FCD639ED711C}.Android|x86.ActiveCfg = Android|Any CPU
		{492C04CF-F181-48AF-B919-FCD639ED711C}.Debug|Any CPU.ActiveCfg = Windows|Any CPU
		{492C04CF-F181-48AF-B919-FCD639ED711C}.Debug|x86.ActiveCfg = Windows|Any CPU
		{492C04CF-F181-48AF-B919-FCD639ED711C}.iOS|Any CPU.ActiveCfg = iOS|Any CPU
		{492C04CF-F181-48AF-B919-FCD639ED711C}.iOS|Any CPU.Build.0 = iOS|Any CPU
		{492C04CF-F181-48AF-B919-FCD639ED711C}.iOS|x86.ActiveCfg = iOS|Any CPU
		{492C04CF-F181-48AF-B919-FCD639ED711C}.Linux|Any CPU.ActiveCfg = Linux|Any CPU
		{492C04CF-F181-48AF-B919-FCD639ED711C}.Linux|Any CPU.Build.0 = Linux|Any CPU
		{492C04CF-F181-48AF-B919-FCD639ED711C}.Linux|x86.ActiveCfg = Linux|Any CPU
		{492C04CF-F181-48AF-B919-FCD639ED711C}.OSX|Any CPU.ActiveCfg = OSX|Any CPU
		{492C04CF-F181-48AF-B919-FCD639ED711C}.OSX|Any CPU.Build.0 = OSX|Any CPU
		{492C04CF-F181-48AF-B919-FCD639ED711C}.OSX|x86.ActiveCfg = OSX|Any CPU
		{492C04CF-F181-48AF-B919-FCD639ED711C}.PSM|Any CPU.ActiveCfg = PSM|Any CPU
		{492C04CF-F181-48AF-B919-FCD639ED711C}.PSM|Any CPU.Build.0 = PSM|Any CPU
		{492C04CF-F181-48AF-B919-FCD639ED711C}.PSM|x86.ActiveCfg = PSM|Any CPU
		{492C04CF-F181-48AF-B919-FCD639ED711C}.Release|Any CPU.ActiveCfg = Windows|Any CPU
		{492C04CF-F181-48AF-B919-FCD639ED711C}.Release|Any CPU.Build.0 = Windows|Any CPU
		{492C04CF-F181-48AF-B919-FCD639ED711C}.Release|x86.ActiveCfg = PSM|Any CPU
		{492C04CF-F181-48AF-B919-FCD639ED711C}.Windows|Any CPU.ActiveCfg = Windows|Any CPU
		{492C04CF-F181-48AF-B919-FCD639ED711C}.Windows|Any CPU.Build.0 = Windows|Any CPU
		{492C04CF-F181-48AF-B919-FCD639ED711C}.Windows|x86.ActiveCfg = Windows|Any CPU
		{492C04CF-F181-48AF-B919-FCD639ED711C}.Windows8|Any CPU.ActiveCfg = Windows8|Any CPU
		{492C04CF-F181-48AF-B919-FCD639ED711C}.Windows8|Any CPU.Build.0 = Windows8|Any CPU
		{492C04CF-F181-48AF-B919-FCD639ED711C}.Windows8|x86.ActiveCfg = Windows8|Any CPU
		{27E4729A-1262-4B53-8F6B-56A63A07150A}.Android|Any CPU.ActiveCfg = Android|Any CPU
		{27E4729A-1262-4B53-8F6B-56A63A07150A}.Android|x86.ActiveCfg = Android|Any CPU
		{27E4729A-1262-4B53-8F6B-56A63A07150A}.Debug|Any CPU.ActiveCfg = PSM|Any CPU
		{27E4729A-1262-4B53-8F6B-56A63A07150A}.Debug|x86.ActiveCfg = PSM|Any CPU
		{27E4729A-1262-4B53-8F6B-56A63A07150A}.iOS|Any CPU.ActiveCfg = iOS|Any CPU
		{27E4729A-1262-4B53-8F6B-56A63A07150A}.iOS|x86.ActiveCfg = iOS|Any CPU
		{27E4729A-1262-4B53-8F6B-56A63A07150A}.Linux|Any CPU.ActiveCfg = Linux|Any CPU
		{27E4729A-1262-4B53-8F6B-56A63A07150A}.Linux|x86.ActiveCfg = Linux|Any CPU
		{27E4729A-1262-4B53-8F6B-56A63A07150A}.OSX|Any CPU.ActiveCfg = OSX|Any CPU
		{27E4729A-1262-4B53-8F6B-56A63A07150A}.OSX|x86.ActiveCfg = OSX|Any CPU
		{27E4729A-1262-4B53-8F6B-56A63A07150A}.PSM|Any CPU.ActiveCfg = PSM|Any CPU
		{27E4729A-1262-4B53-8F6B-56A63A07150A}.PSM|x86.ActiveCfg = PSM|Any CPU
		{27E4729A-1262-4B53-8F6B-56A63A07150A}.Release|Any CPU.ActiveCfg = PSM|Any CPU
		{27E4729A-1262-4B53-8F6B-56A63A07150A}.Release|x86.ActiveCfg = PSM|Any CPU
		{27E4729A-1262-4B53-8F6B-56A63A07150A}.Windows|Any CPU.ActiveCfg = Windows|Any CPU
		{27E4729A-1262-4B53-8F6B-56A63A07150A}.Windows|x86.ActiveCfg = Windows|Any CPU
		{27E4729A-1262-4B53-8F6B-56A63A07150A}.Windows8|Any CPU.ActiveCfg = Windows8|Any CPU
		{27E4729A-1262-4B53-8F6B-56A63A07150A}.Windows8|x86.ActiveCfg = Windows8|Any CPU
		{0A5D6A10-F746-4B7D-9BCA-09269F593D6A}.Android|Any CPU.ActiveCfg = Release|x86
		{0A5D6A10-F746-4B7D-9BCA-09269F593D6A}.Android|Any CPU.Build.0 = Release|x86
		{0A5D6A10-F746-4B7D-9BCA-09269F593D6A}.Android|x86.ActiveCfg = Release|x86
		{0A5D6A10-F746-4B7D-9BCA-09269F593D6A}.Android|x86.Build.0 = Release|x86
		{0A5D6A10-F746-4B7D-9BCA-09269F593D6A}.Debug|Any CPU.ActiveCfg = Debug|x86
		{0A5D6A10-F746-4B7D-9BCA-09269F593D6A}.Debug|Any CPU.Build.0 = Debug|x86
		{0A5D6A10-F746-4B7D-9BCA-09269F593D6A}.Debug|x86.ActiveCfg = Debug|x86
		{0A5D6A10-F746-4B7D-9BCA-09269F593D6A}.Debug|x86.Build.0 = Debug|x86
		{0A5D6A10-F746-4B7D-9BCA-09269F593D6A}.iOS|Any CPU.ActiveCfg = Release|x86
		{0A5D6A10-F746-4B7D-9BCA-09269F593D6A}.iOS|Any CPU.Build.0 = Release|x86
		{0A5D6A10-F746-4B7D-9BCA-09269F593D6A}.iOS|x86.ActiveCfg = Release|x86
		{0A5D6A10-F746-4B7D-9BCA-09269F593D6A}.iOS|x86.Build.0 = Release|x86
		{0A5D6A10-F746-4B7D-9BCA-09269F593D6A}.Linux|Any CPU.ActiveCfg = Release|x86
		{0A5D6A10-F746-4B7D-9BCA-09269F593D6A}.Linux|Any CPU.Build.0 = Release|x86
		{0A5D6A10-F746-4B7D-9BCA-09269F593D6A}.Linux|x86.ActiveCfg = Release|x86
		{0A5D6A10-F746-4B7D-9BCA-09269F593D6A}.Linux|x86.Build.0 = Release|x86
		{0A5D6A10-F746-4B7D-9BCA-09269F593D6A}.OSX|Any CPU.ActiveCfg = Release|x86
		{0A5D6A10-F746-4B7D-9BCA-09269F593D6A}.OSX|Any CPU.Build.0 = Release|x86
		{0A5D6A10-F746-4B7D-9BCA-09269F593D6A}.OSX|x86.ActiveCfg = Release|x86
		{0A5D6A10-F746-4B7D-9BCA-09269F593D6A}.OSX|x86.Build.0 = Release|x86
		{0A5D6A10-F746-4B7D-9BCA-09269F593D6A}.PSM|Any CPU.ActiveCfg = Release|x86
		{0A5D6A10-F746-4B7D-9BCA-09269F593D6A}.PSM|Any CPU.Build.0 = Release|x86
		{0A5D6A10-F746-4B7D-9BCA-09269F593D6A}.PSM|x86.ActiveCfg = Release|x86
		{0A5D6A10-F746-4B7D-9BCA-09269F593D6A}.PSM|x86.Build.0 = Release|x86
		{0A5D6A10-F746-4B7D-9BCA-09269F593D6A}.Release|Any CPU.ActiveCfg = Release|x86
		{0A5D6A10-F746-4B7D-9BCA-09269F593D6A}.Release|Any CPU.Build.0 = Release|x86
		{0A5D6A10-F746-4B7D-9BCA-09269F593D6A}.Release|x86.ActiveCfg = Release|x86
		{0A5D6A10-F746-4B7D-9BCA-09269F593D6A}.Release|x86.Build.0 = Release|x86
		{0A5D6A10-F746-4B7D-9BCA-09269F593D6A}.Windows|Any CPU.ActiveCfg = Release|x86
		{0A5D6A10-F746-4B7D-9BCA-09269F593D6A}.Windows|Any CPU.Build.0 = Release|x86
		{0A5D6A10-F746-4B7D-9BCA-09269F593D6A}.Windows|x86.ActiveCfg = Release|x86
		{0A5D6A10-F746-4B7D-9BCA-09269F593D6A}.Windows|x86.Build.0 = Release|x86
		{0A5D6A10-F746-4B7D-9BCA-09269F593D6A}.Windows8|Any CPU.ActiveCfg = Release|x86
		{0A5D6A10-F746-4B7D-9BCA-09269F593D6A}.Windows8|Any CPU.Build.0 = Release|x86
		{0A5D6A10-F746-4B7D-9BCA-09269F593D6A}.Windows8|x86.ActiveCfg = Release|x86
		{0A5D6A10-F746-4B7D-9BCA-09269F593D6A}.Windows8|x86.Build.0 = Release|x86
		{8944C3AB-1865-49CF-9E84-1ECC42AD2C3E}.Android|Any CPU.ActiveCfg = Release|x86
		{8944C3AB-1865-49CF-9E84-1ECC42AD2C3E}.Android|x86.ActiveCfg = Release|x86
		{8944C3AB-1865-49CF-9E84-1ECC42AD2C3E}.Android|x86.Build.0 = Release|x86
		{8944C3AB-1865-49CF-9E84-1ECC42AD2C3E}.Debug|Any CPU.ActiveCfg = Debug|Any CPU
		{8944C3AB-1865-49CF-9E84-1ECC42AD2C3E}.Debug|Any CPU.Build.0 = Debug|Any CPU
		{8944C3AB-1865-49CF-9E84-1ECC42AD2C3E}.Debug|x86.ActiveCfg = Debug|x86
		{8944C3AB-1865-49CF-9E84-1ECC42AD2C3E}.Debug|x86.Build.0 = Debug|x86
		{8944C3AB-1865-49CF-9E84-1ECC42AD2C3E}.iOS|Any CPU.ActiveCfg = Release|x86
		{8944C3AB-1865-49CF-9E84-1ECC42AD2C3E}.iOS|x86.ActiveCfg = Release|x86
		{8944C3AB-1865-49CF-9E84-1ECC42AD2C3E}.iOS|x86.Build.0 = Release|x86
		{8944C3AB-1865-49CF-9E84-1ECC42AD2C3E}.Linux|Any CPU.ActiveCfg = Release|x86
		{8944C3AB-1865-49CF-9E84-1ECC42AD2C3E}.Linux|x86.ActiveCfg = Release|x86
		{8944C3AB-1865-49CF-9E84-1ECC42AD2C3E}.Linux|x86.Build.0 = Release|x86
		{8944C3AB-1865-49CF-9E84-1ECC42AD2C3E}.OSX|Any CPU.ActiveCfg = Release|x86
		{8944C3AB-1865-49CF-9E84-1ECC42AD2C3E}.OSX|x86.ActiveCfg = Release|x86
		{8944C3AB-1865-49CF-9E84-1ECC42AD2C3E}.OSX|x86.Build.0 = Release|x86
		{8944C3AB-1865-49CF-9E84-1ECC42AD2C3E}.PSM|Any CPU.ActiveCfg = Release|x86
		{8944C3AB-1865-49CF-9E84-1ECC42AD2C3E}.PSM|x86.ActiveCfg = Release|x86
		{8944C3AB-1865-49CF-9E84-1ECC42AD2C3E}.PSM|x86.Build.0 = Release|x86
		{8944C3AB-1865-49CF-9E84-1ECC42AD2C3E}.Release|Any CPU.ActiveCfg = Release|x86
		{8944C3AB-1865-49CF-9E84-1ECC42AD2C3E}.Release|x86.ActiveCfg = Release|x86
		{8944C3AB-1865-49CF-9E84-1ECC42AD2C3E}.Release|x86.Build.0 = Release|x86
		{8944C3AB-1865-49CF-9E84-1ECC42AD2C3E}.Windows|Any CPU.ActiveCfg = Release|x86
		{8944C3AB-1865-49CF-9E84-1ECC42AD2C3E}.Windows|x86.ActiveCfg = Release|x86
		{8944C3AB-1865-49CF-9E84-1ECC42AD2C3E}.Windows|x86.Build.0 = Release|x86
		{8944C3AB-1865-49CF-9E84-1ECC42AD2C3E}.Windows8|Any CPU.ActiveCfg = Release|x86
		{8944C3AB-1865-49CF-9E84-1ECC42AD2C3E}.Windows8|x86.ActiveCfg = Release|x86
		{8944C3AB-1865-49CF-9E84-1ECC42AD2C3E}.Windows8|x86.Build.0 = Release|x86
		{B6C5E1B2-3858-4CFA-8409-9F62682BD40D}.Android|Any CPU.ActiveCfg = Release|x86
		{B6C5E1B2-3858-4CFA-8409-9F62682BD40D}.Android|x86.ActiveCfg = Release|x86
		{B6C5E1B2-3858-4CFA-8409-9F62682BD40D}.Android|x86.Build.0 = Release|x86
		{B6C5E1B2-3858-4CFA-8409-9F62682BD40D}.Debug|Any CPU.ActiveCfg = Debug|Any CPU
		{B6C5E1B2-3858-4CFA-8409-9F62682BD40D}.Debug|Any CPU.Build.0 = Debug|Any CPU
		{B6C5E1B2-3858-4CFA-8409-9F62682BD40D}.Debug|x86.ActiveCfg = Debug|x86
		{B6C5E1B2-3858-4CFA-8409-9F62682BD40D}.Debug|x86.Build.0 = Debug|x86
		{B6C5E1B2-3858-4CFA-8409-9F62682BD40D}.iOS|Any CPU.ActiveCfg = Release|x86
		{B6C5E1B2-3858-4CFA-8409-9F62682BD40D}.iOS|x86.ActiveCfg = Release|x86
		{B6C5E1B2-3858-4CFA-8409-9F62682BD40D}.iOS|x86.Build.0 = Release|x86
		{B6C5E1B2-3858-4CFA-8409-9F62682BD40D}.Linux|Any CPU.ActiveCfg = Release|x86
		{B6C5E1B2-3858-4CFA-8409-9F62682BD40D}.Linux|x86.ActiveCfg = Release|x86
		{B6C5E1B2-3858-4CFA-8409-9F62682BD40D}.Linux|x86.Build.0 = Release|x86
		{B6C5E1B2-3858-4CFA-8409-9F62682BD40D}.OSX|Any CPU.ActiveCfg = Release|x86
		{B6C5E1B2-3858-4CFA-8409-9F62682BD40D}.OSX|x86.ActiveCfg = Release|x86
		{B6C5E1B2-3858-4CFA-8409-9F62682BD40D}.OSX|x86.Build.0 = Release|x86
		{B6C5E1B2-3858-4CFA-8409-9F62682BD40D}.PSM|Any CPU.ActiveCfg = Release|x86
		{B6C5E1B2-3858-4CFA-8409-9F62682BD40D}.PSM|x86.ActiveCfg = Release|x86
		{B6C5E1B2-3858-4CFA-8409-9F62682BD40D}.PSM|x86.Build.0 = Release|x86
		{B6C5E1B2-3858-4CFA-8409-9F62682BD40D}.Release|Any CPU.ActiveCfg = Release|x86
		{B6C5E1B2-3858-4CFA-8409-9F62682BD40D}.Release|x86.ActiveCfg = Release|x86
		{B6C5E1B2-3858-4CFA-8409-9F62682BD40D}.Release|x86.Build.0 = Release|x86
		{B6C5E1B2-3858-4CFA-8409-9F62682BD40D}.Windows|Any CPU.ActiveCfg = Release|x86
		{B6C5E1B2-3858-4CFA-8409-9F62682BD40D}.Windows|x86.ActiveCfg = Release|x86
		{B6C5E1B2-3858-4CFA-8409-9F62682BD40D}.Windows|x86.Build.0 = Release|x86
		{B6C5E1B2-3858-4CFA-8409-9F62682BD40D}.Windows8|Any CPU.ActiveCfg = Release|x86
		{B6C5E1B2-3858-4CFA-8409-9F62682BD40D}.Windows8|x86.ActiveCfg = Release|x86
		{B6C5E1B2-3858-4CFA-8409-9F62682BD40D}.Windows8|x86.Build.0 = Release|x86
		{B2F2779E-2D35-409D-AC28-0661CA19F08F}.Android|Any CPU.ActiveCfg = Android|Any CPU
		{B2F2779E-2D35-409D-AC28-0661CA19F08F}.Android|Any CPU.Build.0 = Android|Any CPU
		{B2F2779E-2D35-409D-AC28-0661CA19F08F}.Android|x86.ActiveCfg = Android|Any CPU
		{B2F2779E-2D35-409D-AC28-0661CA19F08F}.Debug|Any CPU.ActiveCfg = Windows|Any CPU
		{B2F2779E-2D35-409D-AC28-0661CA19F08F}.Debug|x86.ActiveCfg = PSM|Any CPU
		{B2F2779E-2D35-409D-AC28-0661CA19F08F}.iOS|Any CPU.ActiveCfg = iOS|Any CPU
		{B2F2779E-2D35-409D-AC28-0661CA19F08F}.iOS|Any CPU.Build.0 = iOS|Any CPU
		{B2F2779E-2D35-409D-AC28-0661CA19F08F}.iOS|x86.ActiveCfg = iOS|Any CPU
		{B2F2779E-2D35-409D-AC28-0661CA19F08F}.Linux|Any CPU.ActiveCfg = Linux|Any CPU
		{B2F2779E-2D35-409D-AC28-0661CA19F08F}.Linux|Any CPU.Build.0 = Linux|Any CPU
		{B2F2779E-2D35-409D-AC28-0661CA19F08F}.Linux|x86.ActiveCfg = Linux|Any CPU
		{B2F2779E-2D35-409D-AC28-0661CA19F08F}.OSX|Any CPU.ActiveCfg = OSX|Any CPU
		{B2F2779E-2D35-409D-AC28-0661CA19F08F}.OSX|Any CPU.Build.0 = OSX|Any CPU
		{B2F2779E-2D35-409D-AC28-0661CA19F08F}.OSX|x86.ActiveCfg = OSX|Any CPU
		{B2F2779E-2D35-409D-AC28-0661CA19F08F}.PSM|Any CPU.ActiveCfg = PSM|Any CPU
		{B2F2779E-2D35-409D-AC28-0661CA19F08F}.PSM|Any CPU.Build.0 = PSM|Any CPU
		{B2F2779E-2D35-409D-AC28-0661CA19F08F}.PSM|x86.ActiveCfg = PSM|Any CPU
		{B2F2779E-2D35-409D-AC28-0661CA19F08F}.Release|Any CPU.ActiveCfg = PSM|Any CPU
		{B2F2779E-2D35-409D-AC28-0661CA19F08F}.Release|Any CPU.Build.0 = PSM|Any CPU
		{B2F2779E-2D35-409D-AC28-0661CA19F08F}.Release|x86.ActiveCfg = PSM|Any CPU
		{B2F2779E-2D35-409D-AC28-0661CA19F08F}.Windows|Any CPU.ActiveCfg = Windows|Any CPU
		{B2F2779E-2D35-409D-AC28-0661CA19F08F}.Windows|Any CPU.Build.0 = Windows|Any CPU
		{B2F2779E-2D35-409D-AC28-0661CA19F08F}.Windows|x86.ActiveCfg = Windows|Any CPU
		{B2F2779E-2D35-409D-AC28-0661CA19F08F}.Windows8|Any CPU.ActiveCfg = Windows8|Any CPU
		{B2F2779E-2D35-409D-AC28-0661CA19F08F}.Windows8|Any CPU.Build.0 = Windows8|Any CPU
		{B2F2779E-2D35-409D-AC28-0661CA19F08F}.Windows8|x86.ActiveCfg = Windows8|Any CPU
		{61B849FB-36B4-4D37-AD86-F27E94E11E32}.Android|Any CPU.ActiveCfg = Android|Any CPU
		{61B849FB-36B4-4D37-AD86-F27E94E11E32}.Android|x86.ActiveCfg = Android|Any CPU
		{61B849FB-36B4-4D37-AD86-F27E94E11E32}.Debug|Any CPU.ActiveCfg = PSM|Any CPU
		{61B849FB-36B4-4D37-AD86-F27E94E11E32}.Debug|x86.ActiveCfg = PSM|Any CPU
		{61B849FB-36B4-4D37-AD86-F27E94E11E32}.iOS|Any CPU.ActiveCfg = iOS|Any CPU
		{61B849FB-36B4-4D37-AD86-F27E94E11E32}.iOS|x86.ActiveCfg = iOS|Any CPU
		{61B849FB-36B4-4D37-AD86-F27E94E11E32}.Linux|Any CPU.ActiveCfg = Linux|Any CPU
		{61B849FB-36B4-4D37-AD86-F27E94E11E32}.Linux|x86.ActiveCfg = Linux|Any CPU
		{61B849FB-36B4-4D37-AD86-F27E94E11E32}.OSX|Any CPU.ActiveCfg = OSX|Any CPU
		{61B849FB-36B4-4D37-AD86-F27E94E11E32}.OSX|x86.ActiveCfg = OSX|Any CPU
		{61B849FB-36B4-4D37-AD86-F27E94E11E32}.PSM|Any CPU.ActiveCfg = PSM|Any CPU
		{61B849FB-36B4-4D37-AD86-F27E94E11E32}.PSM|x86.ActiveCfg = PSM|Any CPU
		{61B849FB-36B4-4D37-AD86-F27E94E11E32}.Release|Any CPU.ActiveCfg = PSM|Any CPU
		{61B849FB-36B4-4D37-AD86-F27E94E11E32}.Release|x86.ActiveCfg = PSM|Any CPU
		{61B849FB-36B4-4D37-AD86-F27E94E11E32}.Windows|Any CPU.ActiveCfg = Windows|Any CPU
		{61B849FB-36B4-4D37-AD86-F27E94E11E32}.Windows|x86.ActiveCfg = Windows|Any CPU
		{61B849FB-36B4-4D37-AD86-F27E94E11E32}.Windows8|Any CPU.ActiveCfg = Windows8|Any CPU
		{61B849FB-36B4-4D37-AD86-F27E94E11E32}.Windows8|x86.ActiveCfg = Windows8|Any CPU
		{39AD1482-1881-4852-A05D-DC61B0D3446A}.Android|Any CPU.ActiveCfg = Release|Any CPU
		{39AD1482-1881-4852-A05D-DC61B0D3446A}.Android|Any CPU.Build.0 = Release|Any CPU
		{39AD1482-1881-4852-A05D-DC61B0D3446A}.Android|x86.ActiveCfg = Release|x86
		{39AD1482-1881-4852-A05D-DC61B0D3446A}.Android|x86.Build.0 = Release|x86
		{39AD1482-1881-4852-A05D-DC61B0D3446A}.Debug|Any CPU.ActiveCfg = Debug|Any CPU
		{39AD1482-1881-4852-A05D-DC61B0D3446A}.Debug|x86.ActiveCfg = Debug|x86
		{39AD1482-1881-4852-A05D-DC61B0D3446A}.Debug|x86.Build.0 = Debug|x86
		{39AD1482-1881-4852-A05D-DC61B0D3446A}.iOS|Any CPU.ActiveCfg = Release|Any CPU
		{39AD1482-1881-4852-A05D-DC61B0D3446A}.iOS|Any CPU.Build.0 = Release|Any CPU
		{39AD1482-1881-4852-A05D-DC61B0D3446A}.iOS|x86.ActiveCfg = Release|x86
		{39AD1482-1881-4852-A05D-DC61B0D3446A}.iOS|x86.Build.0 = Release|x86
		{39AD1482-1881-4852-A05D-DC61B0D3446A}.Linux|Any CPU.ActiveCfg = Release|Any CPU
		{39AD1482-1881-4852-A05D-DC61B0D3446A}.Linux|Any CPU.Build.0 = Release|Any CPU
		{39AD1482-1881-4852-A05D-DC61B0D3446A}.Linux|x86.ActiveCfg = Release|x86
		{39AD1482-1881-4852-A05D-DC61B0D3446A}.Linux|x86.Build.0 = Release|x86
		{39AD1482-1881-4852-A05D-DC61B0D3446A}.OSX|Any CPU.ActiveCfg = Release|Any CPU
		{39AD1482-1881-4852-A05D-DC61B0D3446A}.OSX|Any CPU.Build.0 = Release|Any CPU
		{39AD1482-1881-4852-A05D-DC61B0D3446A}.OSX|x86.ActiveCfg = Release|x86
		{39AD1482-1881-4852-A05D-DC61B0D3446A}.OSX|x86.Build.0 = Release|x86
		{39AD1482-1881-4852-A05D-DC61B0D3446A}.PSM|Any CPU.ActiveCfg = Release|Any CPU
		{39AD1482-1881-4852-A05D-DC61B0D3446A}.PSM|Any CPU.Build.0 = Release|Any CPU
		{39AD1482-1881-4852-A05D-DC61B0D3446A}.PSM|x86.ActiveCfg = Release|x86
		{39AD1482-1881-4852-A05D-DC61B0D3446A}.PSM|x86.Build.0 = Release|x86
		{39AD1482-1881-4852-A05D-DC61B0D3446A}.Release|Any CPU.ActiveCfg = Release|Any CPU
		{39AD1482-1881-4852-A05D-DC61B0D3446A}.Release|Any CPU.Build.0 = Release|Any CPU
		{39AD1482-1881-4852-A05D-DC61B0D3446A}.Release|x86.ActiveCfg = Release|x86
		{39AD1482-1881-4852-A05D-DC61B0D3446A}.Release|x86.Build.0 = Release|x86
		{39AD1482-1881-4852-A05D-DC61B0D3446A}.Windows|Any CPU.ActiveCfg = Release|Any CPU
		{39AD1482-1881-4852-A05D-DC61B0D3446A}.Windows|Any CPU.Build.0 = Release|Any CPU
		{39AD1482-1881-4852-A05D-DC61B0D3446A}.Windows|x86.ActiveCfg = Release|x86
		{39AD1482-1881-4852-A05D-DC61B0D3446A}.Windows|x86.Build.0 = Release|x86
		{39AD1482-1881-4852-A05D-DC61B0D3446A}.Windows8|Any CPU.ActiveCfg = Release|Any CPU
		{39AD1482-1881-4852-A05D-DC61B0D3446A}.Windows8|Any CPU.Build.0 = Release|Any CPU
		{39AD1482-1881-4852-A05D-DC61B0D3446A}.Windows8|x86.ActiveCfg = Release|x86
		{39AD1482-1881-4852-A05D-DC61B0D3446A}.Windows8|x86.Build.0 = Release|x86
		{B0F2FFCC-02F2-450C-AD5A-B60C685E2112}.Android|Any CPU.ActiveCfg = Release|Any CPU
		{B0F2FFCC-02F2-450C-AD5A-B60C685E2112}.Android|Any CPU.Build.0 = Release|Any CPU
		{B0F2FFCC-02F2-450C-AD5A-B60C685E2112}.Android|x86.ActiveCfg = Release|Any CPU
		{B0F2FFCC-02F2-450C-AD5A-B60C685E2112}.Debug|Any CPU.ActiveCfg = Debug|Any CPU
		{B0F2FFCC-02F2-450C-AD5A-B60C685E2112}.Debug|x86.ActiveCfg = Debug|Any CPU
		{B0F2FFCC-02F2-450C-AD5A-B60C685E2112}.iOS|Any CPU.ActiveCfg = Release|Any CPU
		{B0F2FFCC-02F2-450C-AD5A-B60C685E2112}.iOS|Any CPU.Build.0 = Release|Any CPU
		{B0F2FFCC-02F2-450C-AD5A-B60C685E2112}.iOS|x86.ActiveCfg = Release|Any CPU
		{B0F2FFCC-02F2-450C-AD5A-B60C685E2112}.Linux|Any CPU.ActiveCfg = Release|Any CPU
		{B0F2FFCC-02F2-450C-AD5A-B60C685E2112}.Linux|Any CPU.Build.0 = Release|Any CPU
		{B0F2FFCC-02F2-450C-AD5A-B60C685E2112}.Linux|x86.ActiveCfg = Release|Any CPU
		{B0F2FFCC-02F2-450C-AD5A-B60C685E2112}.OSX|Any CPU.ActiveCfg = Release|Any CPU
		{B0F2FFCC-02F2-450C-AD5A-B60C685E2112}.OSX|Any CPU.Build.0 = Release|Any CPU
		{B0F2FFCC-02F2-450C-AD5A-B60C685E2112}.OSX|x86.ActiveCfg = Release|Any CPU
		{B0F2FFCC-02F2-450C-AD5A-B60C685E2112}.PSM|Any CPU.ActiveCfg = Release|Any CPU
		{B0F2FFCC-02F2-450C-AD5A-B60C685E2112}.PSM|Any CPU.Build.0 = Release|Any CPU
		{B0F2FFCC-02F2-450C-AD5A-B60C685E2112}.PSM|x86.ActiveCfg = Release|Any CPU
		{B0F2FFCC-02F2-450C-AD5A-B60C685E2112}.Release|Any CPU.ActiveCfg = Release|Any CPU
		{B0F2FFCC-02F2-450C-AD5A-B60C685E2112}.Release|Any CPU.Build.0 = Release|Any CPU
		{B0F2FFCC-02F2-450C-AD5A-B60C685E2112}.Release|x86.ActiveCfg = Release|Any CPU
		{B0F2FFCC-02F2-450C-AD5A-B60C685E2112}.Windows|Any CPU.ActiveCfg = Release|Any CPU
		{B0F2FFCC-02F2-450C-AD5A-B60C685E2112}.Windows|Any CPU.Build.0 = Release|Any CPU
		{B0F2FFCC-02F2-450C-AD5A-B60C685E2112}.Windows|x86.ActiveCfg = Release|Any CPU
		{B0F2FFCC-02F2-450C-AD5A-B60C685E2112}.Windows8|Any CPU.ActiveCfg = Release|Any CPU
		{B0F2FFCC-02F2-450C-AD5A-B60C685E2112}.Windows8|Any CPU.Build.0 = Release|Any CPU
		{B0F2FFCC-02F2-450C-AD5A-B60C685E2112}.Windows8|x86.ActiveCfg = Release|Any CPU
		{91A424B6-E62B-4B7A-B30D-331C7E3AF5F0}.Android|Any CPU.ActiveCfg = Release|Any CPU
		{91A424B6-E62B-4B7A-B30D-331C7E3AF5F0}.Android|Any CPU.Build.0 = Release|Any CPU
		{91A424B6-E62B-4B7A-B30D-331C7E3AF5F0}.Android|x86.ActiveCfg = Release|x86
		{91A424B6-E62B-4B7A-B30D-331C7E3AF5F0}.Android|x86.Build.0 = Release|x86
		{91A424B6-E62B-4B7A-B30D-331C7E3AF5F0}.Debug|Any CPU.ActiveCfg = Debug|Any CPU
		{91A424B6-E62B-4B7A-B30D-331C7E3AF5F0}.Debug|Any CPU.Build.0 = Debug|Any CPU
		{91A424B6-E62B-4B7A-B30D-331C7E3AF5F0}.Debug|x86.ActiveCfg = Debug|x86
		{91A424B6-E62B-4B7A-B30D-331C7E3AF5F0}.Debug|x86.Build.0 = Debug|x86
		{91A424B6-E62B-4B7A-B30D-331C7E3AF5F0}.iOS|Any CPU.ActiveCfg = Release|Any CPU
		{91A424B6-E62B-4B7A-B30D-331C7E3AF5F0}.iOS|Any CPU.Build.0 = Release|Any CPU
		{91A424B6-E62B-4B7A-B30D-331C7E3AF5F0}.iOS|x86.ActiveCfg = Release|x86
		{91A424B6-E62B-4B7A-B30D-331C7E3AF5F0}.iOS|x86.Build.0 = Release|x86
		{91A424B6-E62B-4B7A-B30D-331C7E3AF5F0}.Linux|Any CPU.ActiveCfg = Release|Any CPU
		{91A424B6-E62B-4B7A-B30D-331C7E3AF5F0}.Linux|Any CPU.Build.0 = Release|Any CPU
		{91A424B6-E62B-4B7A-B30D-331C7E3AF5F0}.Linux|x86.ActiveCfg = Release|x86
		{91A424B6-E62B-4B7A-B30D-331C7E3AF5F0}.Linux|x86.Build.0 = Release|x86
		{91A424B6-E62B-4B7A-B30D-331C7E3AF5F0}.OSX|Any CPU.ActiveCfg = Release|Any CPU
		{91A424B6-E62B-4B7A-B30D-331C7E3AF5F0}.OSX|Any CPU.Build.0 = Release|Any CPU
		{91A424B6-E62B-4B7A-B30D-331C7E3AF5F0}.OSX|x86.ActiveCfg = Release|x86
		{91A424B6-E62B-4B7A-B30D-331C7E3AF5F0}.OSX|x86.Build.0 = Release|x86
		{91A424B6-E62B-4B7A-B30D-331C7E3AF5F0}.PSM|Any CPU.ActiveCfg = Release|Any CPU
		{91A424B6-E62B-4B7A-B30D-331C7E3AF5F0}.PSM|Any CPU.Build.0 = Release|Any CPU
		{91A424B6-E62B-4B7A-B30D-331C7E3AF5F0}.PSM|x86.ActiveCfg = Release|x86
		{91A424B6-E62B-4B7A-B30D-331C7E3AF5F0}.PSM|x86.Build.0 = Release|x86
		{91A424B6-E62B-4B7A-B30D-331C7E3AF5F0}.Release|Any CPU.ActiveCfg = Release|Any CPU
		{91A424B6-E62B-4B7A-B30D-331C7E3AF5F0}.Release|Any CPU.Build.0 = Release|Any CPU
		{91A424B6-E62B-4B7A-B30D-331C7E3AF5F0}.Release|x86.ActiveCfg = Release|x86
		{91A424B6-E62B-4B7A-B30D-331C7E3AF5F0}.Release|x86.Build.0 = Release|x86
		{91A424B6-E62B-4B7A-B30D-331C7E3AF5F0}.Windows|Any CPU.ActiveCfg = Release|Any CPU
		{91A424B6-E62B-4B7A-B30D-331C7E3AF5F0}.Windows|Any CPU.Build.0 = Release|Any CPU
		{91A424B6-E62B-4B7A-B30D-331C7E3AF5F0}.Windows|x86.ActiveCfg = Release|x86
		{91A424B6-E62B-4B7A-B30D-331C7E3AF5F0}.Windows|x86.Build.0 = Release|x86
		{91A424B6-E62B-4B7A-B30D-331C7E3AF5F0}.Windows8|Any CPU.ActiveCfg = Release|Any CPU
		{91A424B6-E62B-4B7A-B30D-331C7E3AF5F0}.Windows8|Any CPU.Build.0 = Release|Any CPU
		{91A424B6-E62B-4B7A-B30D-331C7E3AF5F0}.Windows8|x86.ActiveCfg = Release|x86
		{91A424B6-E62B-4B7A-B30D-331C7E3AF5F0}.Windows8|x86.Build.0 = Release|x86
		{5718D82F-2AC8-42BB-A7F0-5309BED3D883}.Android|Any CPU.ActiveCfg = Android|Any CPU
		{5718D82F-2AC8-42BB-A7F0-5309BED3D883}.Android|Any CPU.Build.0 = Android|Any CPU
		{5718D82F-2AC8-42BB-A7F0-5309BED3D883}.Android|x86.ActiveCfg = Android|Any CPU
		{5718D82F-2AC8-42BB-A7F0-5309BED3D883}.Debug|Any CPU.ActiveCfg = PSM|Any CPU
		{5718D82F-2AC8-42BB-A7F0-5309BED3D883}.Debug|Any CPU.Build.0 = PSM|Any CPU
		{5718D82F-2AC8-42BB-A7F0-5309BED3D883}.Debug|x86.ActiveCfg = PSM|Any CPU
		{5718D82F-2AC8-42BB-A7F0-5309BED3D883}.iOS|Any CPU.ActiveCfg = iOS|Any CPU
		{5718D82F-2AC8-42BB-A7F0-5309BED3D883}.iOS|Any CPU.Build.0 = iOS|Any CPU
		{5718D82F-2AC8-42BB-A7F0-5309BED3D883}.iOS|x86.ActiveCfg = iOS|Any CPU
		{5718D82F-2AC8-42BB-A7F0-5309BED3D883}.Linux|Any CPU.ActiveCfg = Linux|Any CPU
		{5718D82F-2AC8-42BB-A7F0-5309BED3D883}.Linux|Any CPU.Build.0 = Linux|Any CPU
		{5718D82F-2AC8-42BB-A7F0-5309BED3D883}.Linux|x86.ActiveCfg = Linux|Any CPU
		{5718D82F-2AC8-42BB-A7F0-5309BED3D883}.OSX|Any CPU.ActiveCfg = OSX|Any CPU
		{5718D82F-2AC8-42BB-A7F0-5309BED3D883}.OSX|Any CPU.Build.0 = OSX|Any CPU
		{5718D82F-2AC8-42BB-A7F0-5309BED3D883}.OSX|x86.ActiveCfg = OSX|Any CPU
		{5718D82F-2AC8-42BB-A7F0-5309BED3D883}.PSM|Any CPU.ActiveCfg = PSM|Any CPU
		{5718D82F-2AC8-42BB-A7F0-5309BED3D883}.PSM|Any CPU.Build.0 = PSM|Any CPU
		{5718D82F-2AC8-42BB-A7F0-5309BED3D883}.PSM|x86.ActiveCfg = PSM|Any CPU
		{5718D82F-2AC8-42BB-A7F0-5309BED3D883}.Release|Any CPU.ActiveCfg = PSM|Any CPU
		{5718D82F-2AC8-42BB-A7F0-5309BED3D883}.Release|Any CPU.Build.0 = PSM|Any CPU
		{5718D82F-2AC8-42BB-A7F0-5309BED3D883}.Release|x86.ActiveCfg = PSM|Any CPU
		{5718D82F-2AC8-42BB-A7F0-5309BED3D883}.Windows|Any CPU.ActiveCfg = Windows|Any CPU
		{5718D82F-2AC8-42BB-A7F0-5309BED3D883}.Windows|Any CPU.Build.0 = Windows|Any CPU
		{5718D82F-2AC8-42BB-A7F0-5309BED3D883}.Windows|x86.ActiveCfg = Windows|Any CPU
		{5718D82F-2AC8-42BB-A7F0-5309BED3D883}.Windows8|Any CPU.ActiveCfg = Windows8|Any CPU
		{5718D82F-2AC8-42BB-A7F0-5309BED3D883}.Windows8|Any CPU.Build.0 = Windows8|Any CPU
		{5718D82F-2AC8-42BB-A7F0-5309BED3D883}.Windows8|x86.ActiveCfg = Windows8|Any CPU
		{27ADEECF-12FD-45F1-BE25-A91AC50F003D}.Android|Any CPU.ActiveCfg = Android|Any CPU
		{27ADEECF-12FD-45F1-BE25-A91AC50F003D}.Android|x86.ActiveCfg = Android|Any CPU
		{27ADEECF-12FD-45F1-BE25-A91AC50F003D}.Debug|Any CPU.ActiveCfg = PSM|Any CPU
		{27ADEECF-12FD-45F1-BE25-A91AC50F003D}.Debug|x86.ActiveCfg = PSM|Any CPU
		{27ADEECF-12FD-45F1-BE25-A91AC50F003D}.iOS|Any CPU.ActiveCfg = iOS|Any CPU
		{27ADEECF-12FD-45F1-BE25-A91AC50F003D}.iOS|x86.ActiveCfg = iOS|Any CPU
		{27ADEECF-12FD-45F1-BE25-A91AC50F003D}.Linux|Any CPU.ActiveCfg = Linux|Any CPU
		{27ADEECF-12FD-45F1-BE25-A91AC50F003D}.Linux|x86.ActiveCfg = Linux|Any CPU
		{27ADEECF-12FD-45F1-BE25-A91AC50F003D}.OSX|Any CPU.ActiveCfg = OSX|Any CPU
		{27ADEECF-12FD-45F1-BE25-A91AC50F003D}.OSX|x86.ActiveCfg = OSX|Any CPU
		{27ADEECF-12FD-45F1-BE25-A91AC50F003D}.PSM|Any CPU.ActiveCfg = PSM|Any CPU
		{27ADEECF-12FD-45F1-BE25-A91AC50F003D}.PSM|x86.ActiveCfg = PSM|Any CPU
		{27ADEECF-12FD-45F1-BE25-A91AC50F003D}.Release|Any CPU.ActiveCfg = PSM|Any CPU
		{27ADEECF-12FD-45F1-BE25-A91AC50F003D}.Release|x86.ActiveCfg = PSM|Any CPU
		{27ADEECF-12FD-45F1-BE25-A91AC50F003D}.Windows|Any CPU.ActiveCfg = Windows|Any CPU
		{27ADEECF-12FD-45F1-BE25-A91AC50F003D}.Windows|x86.ActiveCfg = Windows|Any CPU
		{27ADEECF-12FD-45F1-BE25-A91AC50F003D}.Windows8|Any CPU.ActiveCfg = Windows8|Any CPU
		{27ADEECF-12FD-45F1-BE25-A91AC50F003D}.Windows8|x86.ActiveCfg = Windows8|Any CPU
		{6ABDAA0C-3E4A-48C6-8D37-67A07D32C25E}.Android|Any CPU.ActiveCfg = Release|Any CPU
		{6ABDAA0C-3E4A-48C6-8D37-67A07D32C25E}.Android|Any CPU.Build.0 = Release|Any CPU
		{6ABDAA0C-3E4A-48C6-8D37-67A07D32C25E}.Android|x86.ActiveCfg = Release|Any CPU
		{6ABDAA0C-3E4A-48C6-8D37-67A07D32C25E}.Debug|Any CPU.ActiveCfg = Debug|Any CPU
		{6ABDAA0C-3E4A-48C6-8D37-67A07D32C25E}.Debug|Any CPU.Build.0 = Debug|Any CPU
		{6ABDAA0C-3E4A-48C6-8D37-67A07D32C25E}.Debug|x86.ActiveCfg = Debug|Any CPU
		{6ABDAA0C-3E4A-48C6-8D37-67A07D32C25E}.iOS|Any CPU.ActiveCfg = Release|Any CPU
		{6ABDAA0C-3E4A-48C6-8D37-67A07D32C25E}.iOS|Any CPU.Build.0 = Release|Any CPU
		{6ABDAA0C-3E4A-48C6-8D37-67A07D32C25E}.iOS|x86.ActiveCfg = Release|Any CPU
		{6ABDAA0C-3E4A-48C6-8D37-67A07D32C25E}.Linux|Any CPU.ActiveCfg = Release|Any CPU
		{6ABDAA0C-3E4A-48C6-8D37-67A07D32C25E}.Linux|Any CPU.Build.0 = Release|Any CPU
		{6ABDAA0C-3E4A-48C6-8D37-67A07D32C25E}.Linux|x86.ActiveCfg = Release|Any CPU
		{6ABDAA0C-3E4A-48C6-8D37-67A07D32C25E}.OSX|Any CPU.ActiveCfg = Release|Any CPU
		{6ABDAA0C-3E4A-48C6-8D37-67A07D32C25E}.OSX|Any CPU.Build.0 = Release|Any CPU
		{6ABDAA0C-3E4A-48C6-8D37-67A07D32C25E}.OSX|x86.ActiveCfg = Release|Any CPU
		{6ABDAA0C-3E4A-48C6-8D37-67A07D32C25E}.PSM|Any CPU.ActiveCfg = Release|Any CPU
		{6ABDAA0C-3E4A-48C6-8D37-67A07D32C25E}.PSM|Any CPU.Build.0 = Release|Any CPU
		{6ABDAA0C-3E4A-48C6-8D37-67A07D32C25E}.PSM|x86.ActiveCfg = Release|Any CPU
		{6ABDAA0C-3E4A-48C6-8D37-67A07D32C25E}.Release|Any CPU.ActiveCfg = Release|Any CPU
		{6ABDAA0C-3E4A-48C6-8D37-67A07D32C25E}.Release|Any CPU.Build.0 = Release|Any CPU
		{6ABDAA0C-3E4A-48C6-8D37-67A07D32C25E}.Release|x86.ActiveCfg = Release|Any CPU
		{6ABDAA0C-3E4A-48C6-8D37-67A07D32C25E}.Windows|Any CPU.ActiveCfg = Release|Any CPU
		{6ABDAA0C-3E4A-48C6-8D37-67A07D32C25E}.Windows|Any CPU.Build.0 = Release|Any CPU
		{6ABDAA0C-3E4A-48C6-8D37-67A07D32C25E}.Windows|x86.ActiveCfg = Release|Any CPU
		{6ABDAA0C-3E4A-48C6-8D37-67A07D32C25E}.Windows8|Any CPU.ActiveCfg = Release|Any CPU
		{6ABDAA0C-3E4A-48C6-8D37-67A07D32C25E}.Windows8|Any CPU.Build.0 = Release|Any CPU
		{6ABDAA0C-3E4A-48C6-8D37-67A07D32C25E}.Windows8|x86.ActiveCfg = Release|Any CPU
		{5CE94B1A-EB7A-464D-94DD-24BC91344B40}.Android|Any CPU.ActiveCfg = Release|Any CPU
		{5CE94B1A-EB7A-464D-94DD-24BC91344B40}.Android|Any CPU.Build.0 = Release|Any CPU
		{5CE94B1A-EB7A-464D-94DD-24BC91344B40}.Android|x86.ActiveCfg = Release|x86
		{5CE94B1A-EB7A-464D-94DD-24BC91344B40}.Android|x86.Build.0 = Release|x86
		{5CE94B1A-EB7A-464D-94DD-24BC91344B40}.Debug|Any CPU.ActiveCfg = Debug|Any CPU
		{5CE94B1A-EB7A-464D-94DD-24BC91344B40}.Debug|Any CPU.Build.0 = Debug|Any CPU
		{5CE94B1A-EB7A-464D-94DD-24BC91344B40}.Debug|x86.ActiveCfg = Debug|x86
		{5CE94B1A-EB7A-464D-94DD-24BC91344B40}.Debug|x86.Build.0 = Debug|x86
		{5CE94B1A-EB7A-464D-94DD-24BC91344B40}.iOS|Any CPU.ActiveCfg = Release|Any CPU
		{5CE94B1A-EB7A-464D-94DD-24BC91344B40}.iOS|Any CPU.Build.0 = Release|Any CPU
		{5CE94B1A-EB7A-464D-94DD-24BC91344B40}.iOS|x86.ActiveCfg = Release|x86
		{5CE94B1A-EB7A-464D-94DD-24BC91344B40}.iOS|x86.Build.0 = Release|x86
		{5CE94B1A-EB7A-464D-94DD-24BC91344B40}.Linux|Any CPU.ActiveCfg = Release|Any CPU
		{5CE94B1A-EB7A-464D-94DD-24BC91344B40}.Linux|Any CPU.Build.0 = Release|Any CPU
		{5CE94B1A-EB7A-464D-94DD-24BC91344B40}.Linux|x86.ActiveCfg = Release|x86
		{5CE94B1A-EB7A-464D-94DD-24BC91344B40}.Linux|x86.Build.0 = Release|x86
		{5CE94B1A-EB7A-464D-94DD-24BC91344B40}.OSX|Any CPU.ActiveCfg = Release|Any CPU
		{5CE94B1A-EB7A-464D-94DD-24BC91344B40}.OSX|Any CPU.Build.0 = Release|Any CPU
		{5CE94B1A-EB7A-464D-94DD-24BC91344B40}.OSX|x86.ActiveCfg = Release|x86
		{5CE94B1A-EB7A-464D-94DD-24BC91344B40}.OSX|x86.Build.0 = Release|x86
		{5CE94B1A-EB7A-464D-94DD-24BC91344B40}.PSM|Any CPU.ActiveCfg = Release|Any CPU
		{5CE94B1A-EB7A-464D-94DD-24BC91344B40}.PSM|Any CPU.Build.0 = Release|Any CPU
		{5CE94B1A-EB7A-464D-94DD-24BC91344B40}.PSM|x86.ActiveCfg = Release|x86
		{5CE94B1A-EB7A-464D-94DD-24BC91344B40}.PSM|x86.Build.0 = Release|x86
		{5CE94B1A-EB7A-464D-94DD-24BC91344B40}.Release|Any CPU.ActiveCfg = Release|Any CPU
		{5CE94B1A-EB7A-464D-94DD-24BC91344B40}.Release|Any CPU.Build.0 = Release|Any CPU
		{5CE94B1A-EB7A-464D-94DD-24BC91344B40}.Release|x86.ActiveCfg = Release|x86
		{5CE94B1A-EB7A-464D-94DD-24BC91344B40}.Release|x86.Build.0 = Release|x86
		{5CE94B1A-EB7A-464D-94DD-24BC91344B40}.Windows|Any CPU.ActiveCfg = Release|Any CPU
		{5CE94B1A-EB7A-464D-94DD-24BC91344B40}.Windows|Any CPU.Build.0 = Release|Any CPU
		{5CE94B1A-EB7A-464D-94DD-24BC91344B40}.Windows|x86.ActiveCfg = Release|x86
		{5CE94B1A-EB7A-464D-94DD-24BC91344B40}.Windows|x86.Build.0 = Release|x86
		{5CE94B1A-EB7A-464D-94DD-24BC91344B40}.Windows8|Any CPU.ActiveCfg = Release|Any CPU
		{5CE94B1A-EB7A-464D-94DD-24BC91344B40}.Windows8|Any CPU.Build.0 = Release|Any CPU
		{5CE94B1A-EB7A-464D-94DD-24BC91344B40}.Windows8|x86.ActiveCfg = Release|x86
		{5CE94B1A-EB7A-464D-94DD-24BC91344B40}.Windows8|x86.Build.0 = Release|x86
		{A15EEC02-60EC-4705-A58B-A6ECD55A9628}.Android|Any CPU.ActiveCfg = Release|Any CPU
		{A15EEC02-60EC-4705-A58B-A6ECD55A9628}.Android|Any CPU.Build.0 = Release|Any CPU
		{A15EEC02-60EC-4705-A58B-A6ECD55A9628}.Android|x86.ActiveCfg = Release|Any CPU
		{A15EEC02-60EC-4705-A58B-A6ECD55A9628}.Debug|Any CPU.ActiveCfg = Debug|Any CPU
		{A15EEC02-60EC-4705-A58B-A6ECD55A9628}.Debug|Any CPU.Build.0 = Debug|Any CPU
		{A15EEC02-60EC-4705-A58B-A6ECD55A9628}.Debug|x86.ActiveCfg = Debug|Any CPU
		{A15EEC02-60EC-4705-A58B-A6ECD55A9628}.iOS|Any CPU.ActiveCfg = Release|Any CPU
		{A15EEC02-60EC-4705-A58B-A6ECD55A9628}.iOS|Any CPU.Build.0 = Release|Any CPU
		{A15EEC02-60EC-4705-A58B-A6ECD55A9628}.iOS|x86.ActiveCfg = Release|Any CPU
		{A15EEC02-60EC-4705-A58B-A6ECD55A9628}.Linux|Any CPU.ActiveCfg = Release|Any CPU
		{A15EEC02-60EC-4705-A58B-A6ECD55A9628}.Linux|Any CPU.Build.0 = Release|Any CPU
		{A15EEC02-60EC-4705-A58B-A6ECD55A9628}.Linux|x86.ActiveCfg = Release|Any CPU
		{A15EEC02-60EC-4705-A58B-A6ECD55A9628}.OSX|Any CPU.ActiveCfg = Release|Any CPU
		{A15EEC02-60EC-4705-A58B-A6ECD55A9628}.OSX|Any CPU.Build.0 = Release|Any CPU
		{A15EEC02-60EC-4705-A58B-A6ECD55A9628}.OSX|x86.ActiveCfg = Release|Any CPU
		{A15EEC02-60EC-4705-A58B-A6ECD55A9628}.PSM|Any CPU.ActiveCfg = Release|Any CPU
		{A15EEC02-60EC-4705-A58B-A6ECD55A9628}.PSM|Any CPU.Build.0 = Release|Any CPU
		{A15EEC02-60EC-4705-A58B-A6ECD55A9628}.PSM|x86.ActiveCfg = Release|Any CPU
		{A15EEC02-60EC-4705-A58B-A6ECD55A9628}.Release|Any CPU.ActiveCfg = Release|Any CPU
		{A15EEC02-60EC-4705-A58B-A6ECD55A9628}.Release|Any CPU.Build.0 = Release|Any CPU
		{A15EEC02-60EC-4705-A58B-A6ECD55A9628}.Release|x86.ActiveCfg = Release|Any CPU
		{A15EEC02-60EC-4705-A58B-A6ECD55A9628}.Windows|Any CPU.ActiveCfg = Release|Any CPU
		{A15EEC02-60EC-4705-A58B-A6ECD55A9628}.Windows|Any CPU.Build.0 = Release|Any CPU
		{A15EEC02-60EC-4705-A58B-A6ECD55A9628}.Windows|x86.ActiveCfg = Release|Any CPU
		{A15EEC02-60EC-4705-A58B-A6ECD55A9628}.Windows8|Any CPU.ActiveCfg = Release|Any CPU
		{A15EEC02-60EC-4705-A58B-A6ECD55A9628}.Windows8|Any CPU.Build.0 = Release|Any CPU
		{A15EEC02-60EC-4705-A58B-A6ECD55A9628}.Windows8|x86.ActiveCfg = Release|Any CPU
		{FC36A038-7D01-43CC-B616-8D2F3664B1B4}.Android|Any CPU.ActiveCfg = Release|x86
		{FC36A038-7D01-43CC-B616-8D2F3664B1B4}.Android|x86.ActiveCfg = Release|x86
		{FC36A038-7D01-43CC-B616-8D2F3664B1B4}.Android|x86.Build.0 = Release|x86
		{FC36A038-7D01-43CC-B616-8D2F3664B1B4}.Debug|Any CPU.ActiveCfg = Debug|x86
		{FC36A038-7D01-43CC-B616-8D2F3664B1B4}.Debug|Any CPU.Build.0 = Debug|x86
		{FC36A038-7D01-43CC-B616-8D2F3664B1B4}.Debug|x86.ActiveCfg = Debug|x86
		{FC36A038-7D01-43CC-B616-8D2F3664B1B4}.Debug|x86.Build.0 = Debug|x86
		{FC36A038-7D01-43CC-B616-8D2F3664B1B4}.iOS|Any CPU.ActiveCfg = Release|x86
		{FC36A038-7D01-43CC-B616-8D2F3664B1B4}.iOS|x86.ActiveCfg = Release|x86
		{FC36A038-7D01-43CC-B616-8D2F3664B1B4}.iOS|x86.Build.0 = Release|x86
		{FC36A038-7D01-43CC-B616-8D2F3664B1B4}.Linux|Any CPU.ActiveCfg = Release|x86
		{FC36A038-7D01-43CC-B616-8D2F3664B1B4}.Linux|x86.ActiveCfg = Release|x86
		{FC36A038-7D01-43CC-B616-8D2F3664B1B4}.Linux|x86.Build.0 = Release|x86
		{FC36A038-7D01-43CC-B616-8D2F3664B1B4}.OSX|Any CPU.ActiveCfg = Release|x86
		{FC36A038-7D01-43CC-B616-8D2F3664B1B4}.OSX|x86.ActiveCfg = Release|x86
		{FC36A038-7D01-43CC-B616-8D2F3664B1B4}.OSX|x86.Build.0 = Release|x86
		{FC36A038-7D01-43CC-B616-8D2F3664B1B4}.PSM|Any CPU.ActiveCfg = Release|x86
		{FC36A038-7D01-43CC-B616-8D2F3664B1B4}.PSM|x86.ActiveCfg = Release|x86
		{FC36A038-7D01-43CC-B616-8D2F3664B1B4}.PSM|x86.Build.0 = Release|x86
		{FC36A038-7D01-43CC-B616-8D2F3664B1B4}.Release|Any CPU.ActiveCfg = Release|x86
		{FC36A038-7D01-43CC-B616-8D2F3664B1B4}.Release|x86.ActiveCfg = Release|x86
		{FC36A038-7D01-43CC-B616-8D2F3664B1B4}.Release|x86.Build.0 = Release|x86
		{FC36A038-7D01-43CC-B616-8D2F3664B1B4}.Windows|Any CPU.ActiveCfg = Release|x86
		{FC36A038-7D01-43CC-B616-8D2F3664B1B4}.Windows|x86.ActiveCfg = Release|x86
		{FC36A038-7D01-43CC-B616-8D2F3664B1B4}.Windows|x86.Build.0 = Release|x86
		{FC36A038-7D01-43CC-B616-8D2F3664B1B4}.Windows8|Any CPU.ActiveCfg = Release|x86
		{FC36A038-7D01-43CC-B616-8D2F3664B1B4}.Windows8|x86.ActiveCfg = Release|x86
		{FC36A038-7D01-43CC-B616-8D2F3664B1B4}.Windows8|x86.Build.0 = Release|x86
	EndGlobalSection
	GlobalSection(SolutionProperties) = preSolution
		HideSolutionNode = FALSE
	EndGlobalSection
	GlobalSection(NestedProjects) = preSolution
		{B0F2FFCC-02F2-450C-AD5A-B60C685E2112} = {480989AD-8D8F-4645-B460-57CB4715D4A7}
		{39AD1482-1881-4852-A05D-DC61B0D3446A} = {480989AD-8D8F-4645-B460-57CB4715D4A7}
		{A15EEC02-60EC-4705-A58B-A6ECD55A9628} = {480989AD-8D8F-4645-B460-57CB4715D4A7}
	EndGlobalSection
EndGlobal
