
Microsoft Visual Studio Solution File, Format Version 12.00
# Visual Studio 2013
VisualStudioVersion = 12.0.21005.1
MinimumVisualStudioVersion = 10.0.40219.1
Project("{FAE04EC0-301F-11D3-BF4B-00C04F79EFBC}") = "MetaMind.EngineBuilder", "MetaMind.EngineBuilder\MetaMind.EngineBuilder\MetaMind.EngineBuilder.csproj", "{492C04CF-F181-48AF-B919-FCD639ED711C}"
EndProject
Project("{FAE04EC0-301F-11D3-BF4B-00C04F79EFBC}") = "MetaMind.EngineBuilderContent", "MetaMind.EngineBuilder\MetaMind.EngineBuilderContent\MetaMind.EngineBuilderContent.contentproj", "{27E4729A-1262-4B53-8F6B-56A63A07150A}"
EndProject
Project("{FAE04EC0-301F-11D3-BF4B-00C04F79EFBC}") = "MetaMind.EngineProcessor", "MetaMind.EngineProcessor\MetaMind.EngineProcessor.csproj", "{0A5D6A10-F746-4B7D-9BCA-09269F593D6A}"
EndProject
Project("{FAE04EC0-301F-11D3-BF4B-00C04F79EFBC}") = "MetaMind.Perseverance", "MetaMind.Perseverance\MetaMind.Perseverance.csproj", "{91A424B6-E62B-4B7A-B30D-331C7E3AF5F0}"
	ProjectSection(ProjectDependencies) = postProject
		{8944C3AB-1865-49CF-9E84-1ECC42AD2C3E} = {8944C3AB-1865-49CF-9E84-1ECC42AD2C3E}
	EndProjectSection
EndProject
Project("{FAE04EC0-301F-11D3-BF4B-00C04F79EFBC}") = "MetaMind.PerseveranceBuilder", "MetaMind.PerseveranceBuilder\MetaMind.PerseveranceBuilder\MetaMind.PerseveranceBuilder.csproj", "{5718D82F-2AC8-42BB-A7F0-5309BED3D883}"
EndProject
Project("{FAE04EC0-301F-11D3-BF4B-00C04F79EFBC}") = "MetaMind.PerseveranceBuilderContent", "MetaMind.PerseveranceBuilder\MetaMind.PerseveranceBuilderContent\MetaMind.PerseveranceBuilderContent.contentproj", "{27ADEECF-12FD-45F1-BE25-A91AC50F003D}"
EndProject
Project("{FAE04EC0-301F-11D3-BF4B-00C04F79EFBC}") = "MetaMind.PerseveranceUnitTest", "MetaMind.PerseveranceUnitTest\MetaMind.PerseveranceUnitTest.csproj", "{5CE94B1A-EB7A-464D-94DD-24BC91344B40}"
EndProject
Project("{FAE04EC0-301F-11D3-BF4B-00C04F79EFBC}") = "MetaMind.Engine", "MetaMind.Engine\MetaMind.Engine.csproj", "{8944C3AB-1865-49CF-9E84-1ECC42AD2C3E}"
	ProjectSection(ProjectDependencies) = postProject
		{0A5D6A10-F746-4B7D-9BCA-09269F593D6A} = {0A5D6A10-F746-4B7D-9BCA-09269F593D6A}
		{39AD1482-1881-4852-A05D-DC61B0D3446A} = {39AD1482-1881-4852-A05D-DC61B0D3446A}
		{492C04CF-F181-48AF-B919-FCD639ED711C} = {492C04CF-F181-48AF-B919-FCD639ED711C}
	EndProjectSection
EndProject
Project("{FAE04EC0-301F-11D3-BF4B-00C04F79EFBC}") = "MetaMind.EngineUnitTest", "MetaMind.EngineUnitTest\MetaMind.EngineUnitTest.csproj", "{353B17F3-693C-414E-B663-773F52AE378B}"
EndProject
Project("{FAE04EC0-301F-11D3-BF4B-00C04F79EFBC}") = "MetaMind.Acutance", "MetaMind.Acutance\MetaMind.Acutance.csproj", "{B6C5E1B2-3858-4CFA-8409-9F62682BD40D}"
EndProject
Project("{FAE04EC0-301F-11D3-BF4B-00C04F79EFBC}") = "MetaMind.AcutanceBuilder", "MetaMind.AcutanceBuilder\MetaMind.AcutanceBuilder\MetaMind.AcutanceBuilder.csproj", "{B2F2779E-2D35-409D-AC28-0661CA19F08F}"
EndProject
Project("{FAE04EC0-301F-11D3-BF4B-00C04F79EFBC}") = "MetaMind.AcutanceBuilderContent", "MetaMind.AcutanceBuilder\MetaMind.AcutanceBuilderContent\MetaMind.AcutanceBuilderContent.contentproj", "{61B849FB-36B4-4D37-AD86-F27E94E11E32}"
EndProject
Project("{FAE04EC0-301F-11D3-BF4B-00C04F79EFBC}") = "MetaMind.PerseveranceService", "MetaMind.PerseveranceService\MetaMind.PerseveranceService.csproj", "{61829F1D-D89D-4B13-BB47-4B13DAFFB205}"
EndProject
Project("{FAE04EC0-301F-11D3-BF4B-00C04F79EFBC}") = "MetaMind.PerseveranceHost", "MetaMind.PerseveranceHost\MetaMind.PerseveranceHost.csproj", "{7AB9FC74-C671-41B1-9D26-9FBF03E275B4}"
EndProject
Project("{FAE04EC0-301F-11D3-BF4B-00C04F79EFBC}") = "MetaMind.AcutanceUnitTest", "MetaMind.AcutanceUnitTest\MetaMind.AcutanceUnitTest.csproj", "{6ABDAA0C-3E4A-48C6-8D37-67A07D32C25E}"
EndProject
Project("{FAE04EC0-301F-11D3-BF4B-00C04F79EFBC}") = "ThirdParties.Primitives2D", "ThirdParties\Primitives2D\ThirdParties.Primitives2D.csproj", "{39AD1482-1881-4852-A05D-DC61B0D3446A}"
EndProject
Project("{FAE04EC0-301F-11D3-BF4B-00C04F79EFBC}") = "ThirdParties.FileSearcher", "ThirdParties\FileSearcher\ThirdParties.FileSearcher.csproj", "{B0F2FFCC-02F2-450C-AD5A-B60C685E2112}"
EndProject
Global
	GlobalSection(SolutionConfigurationPlatforms) = preSolution
		Android|Any CPU = Android|Any CPU
		Android|Mixed Platforms = Android|Mixed Platforms
		Android|x86 = Android|x86
		Debug|Any CPU = Debug|Any CPU
		Debug|Mixed Platforms = Debug|Mixed Platforms
		Debug|x86 = Debug|x86
		iOS|Any CPU = iOS|Any CPU
		iOS|Mixed Platforms = iOS|Mixed Platforms
		iOS|x86 = iOS|x86
		Linux|Any CPU = Linux|Any CPU
		Linux|Mixed Platforms = Linux|Mixed Platforms
		Linux|x86 = Linux|x86
		OSX|Any CPU = OSX|Any CPU
		OSX|Mixed Platforms = OSX|Mixed Platforms
		OSX|x86 = OSX|x86
		PSM|Any CPU = PSM|Any CPU
		PSM|Mixed Platforms = PSM|Mixed Platforms
		PSM|x86 = PSM|x86
		Release|Any CPU = Release|Any CPU
		Release|Mixed Platforms = Release|Mixed Platforms
		Release|x86 = Release|x86
		Windows|Any CPU = Windows|Any CPU
		Windows|Mixed Platforms = Windows|Mixed Platforms
		Windows|x86 = Windows|x86
		Windows8|Any CPU = Windows8|Any CPU
		Windows8|Mixed Platforms = Windows8|Mixed Platforms
		Windows8|x86 = Windows8|x86
	EndGlobalSection
	GlobalSection(ProjectConfigurationPlatforms) = postSolution
		{492C04CF-F181-48AF-B919-FCD639ED711C}.Android|Any CPU.ActiveCfg = Android|Any CPU
		{492C04CF-F181-48AF-B919-FCD639ED711C}.Android|Any CPU.Build.0 = Android|Any CPU
		{492C04CF-F181-48AF-B919-FCD639ED711C}.Android|Mixed Platforms.ActiveCfg = Android|Any CPU
		{492C04CF-F181-48AF-B919-FCD639ED711C}.Android|Mixed Platforms.Build.0 = Android|Any CPU
		{492C04CF-F181-48AF-B919-FCD639ED711C}.Android|x86.ActiveCfg = Android|Any CPU
		{492C04CF-F181-48AF-B919-FCD639ED711C}.Debug|Any CPU.ActiveCfg = Windows|Any CPU
		{492C04CF-F181-48AF-B919-FCD639ED711C}.Debug|Mixed Platforms.ActiveCfg = PSM|Any CPU
		{492C04CF-F181-48AF-B919-FCD639ED711C}.Debug|Mixed Platforms.Build.0 = PSM|Any CPU
		{492C04CF-F181-48AF-B919-FCD639ED711C}.Debug|x86.ActiveCfg = Windows|Any CPU
		{492C04CF-F181-48AF-B919-FCD639ED711C}.iOS|Any CPU.ActiveCfg = iOS|Any CPU
		{492C04CF-F181-48AF-B919-FCD639ED711C}.iOS|Any CPU.Build.0 = iOS|Any CPU
		{492C04CF-F181-48AF-B919-FCD639ED711C}.iOS|Mixed Platforms.ActiveCfg = iOS|Any CPU
		{492C04CF-F181-48AF-B919-FCD639ED711C}.iOS|Mixed Platforms.Build.0 = iOS|Any CPU
		{492C04CF-F181-48AF-B919-FCD639ED711C}.iOS|x86.ActiveCfg = iOS|Any CPU
		{492C04CF-F181-48AF-B919-FCD639ED711C}.Linux|Any CPU.ActiveCfg = Linux|Any CPU
		{492C04CF-F181-48AF-B919-FCD639ED711C}.Linux|Any CPU.Build.0 = Linux|Any CPU
		{492C04CF-F181-48AF-B919-FCD639ED711C}.Linux|Mixed Platforms.ActiveCfg = Linux|Any CPU
		{492C04CF-F181-48AF-B919-FCD639ED711C}.Linux|Mixed Platforms.Build.0 = Linux|Any CPU
		{492C04CF-F181-48AF-B919-FCD639ED711C}.Linux|x86.ActiveCfg = Linux|Any CPU
		{492C04CF-F181-48AF-B919-FCD639ED711C}.OSX|Any CPU.ActiveCfg = OSX|Any CPU
		{492C04CF-F181-48AF-B919-FCD639ED711C}.OSX|Any CPU.Build.0 = OSX|Any CPU
		{492C04CF-F181-48AF-B919-FCD639ED711C}.OSX|Mixed Platforms.ActiveCfg = OSX|Any CPU
		{492C04CF-F181-48AF-B919-FCD639ED711C}.OSX|Mixed Platforms.Build.0 = OSX|Any CPU
		{492C04CF-F181-48AF-B919-FCD639ED711C}.OSX|x86.ActiveCfg = OSX|Any CPU
		{492C04CF-F181-48AF-B919-FCD639ED711C}.PSM|Any CPU.ActiveCfg = PSM|Any CPU
		{492C04CF-F181-48AF-B919-FCD639ED711C}.PSM|Any CPU.Build.0 = PSM|Any CPU
		{492C04CF-F181-48AF-B919-FCD639ED711C}.PSM|Mixed Platforms.ActiveCfg = PSM|Any CPU
		{492C04CF-F181-48AF-B919-FCD639ED711C}.PSM|Mixed Platforms.Build.0 = PSM|Any CPU
		{492C04CF-F181-48AF-B919-FCD639ED711C}.PSM|x86.ActiveCfg = PSM|Any CPU
		{492C04CF-F181-48AF-B919-FCD639ED711C}.Release|Any CPU.ActiveCfg = Windows|Any CPU
		{492C04CF-F181-48AF-B919-FCD639ED711C}.Release|Any CPU.Build.0 = Windows|Any CPU
		{492C04CF-F181-48AF-B919-FCD639ED711C}.Release|Mixed Platforms.ActiveCfg = Windows8|Any CPU
		{492C04CF-F181-48AF-B919-FCD639ED711C}.Release|Mixed Platforms.Build.0 = Windows8|Any CPU
		{492C04CF-F181-48AF-B919-FCD639ED711C}.Release|x86.ActiveCfg = PSM|Any CPU
		{492C04CF-F181-48AF-B919-FCD639ED711C}.Windows|Any CPU.ActiveCfg = Windows|Any CPU
		{492C04CF-F181-48AF-B919-FCD639ED711C}.Windows|Any CPU.Build.0 = Windows|Any CPU
		{492C04CF-F181-48AF-B919-FCD639ED711C}.Windows|Mixed Platforms.ActiveCfg = Windows|Any CPU
		{492C04CF-F181-48AF-B919-FCD639ED711C}.Windows|Mixed Platforms.Build.0 = Windows|Any CPU
		{492C04CF-F181-48AF-B919-FCD639ED711C}.Windows|x86.ActiveCfg = Windows|Any CPU
		{492C04CF-F181-48AF-B919-FCD639ED711C}.Windows8|Any CPU.ActiveCfg = Windows8|Any CPU
		{492C04CF-F181-48AF-B919-FCD639ED711C}.Windows8|Any CPU.Build.0 = Windows8|Any CPU
		{492C04CF-F181-48AF-B919-FCD639ED711C}.Windows8|Mixed Platforms.ActiveCfg = Windows8|Any CPU
		{492C04CF-F181-48AF-B919-FCD639ED711C}.Windows8|Mixed Platforms.Build.0 = Windows8|Any CPU
		{492C04CF-F181-48AF-B919-FCD639ED711C}.Windows8|x86.ActiveCfg = Windows8|Any CPU
		{27E4729A-1262-4B53-8F6B-56A63A07150A}.Android|Any CPU.ActiveCfg = Android|Any CPU
		{27E4729A-1262-4B53-8F6B-56A63A07150A}.Android|Mixed Platforms.ActiveCfg = Android|Any CPU
		{27E4729A-1262-4B53-8F6B-56A63A07150A}.Android|x86.ActiveCfg = Android|Any CPU
		{27E4729A-1262-4B53-8F6B-56A63A07150A}.Debug|Any CPU.ActiveCfg = PSM|Any CPU
		{27E4729A-1262-4B53-8F6B-56A63A07150A}.Debug|Mixed Platforms.ActiveCfg = Windows8|Any CPU
		{27E4729A-1262-4B53-8F6B-56A63A07150A}.Debug|x86.ActiveCfg = PSM|Any CPU
		{27E4729A-1262-4B53-8F6B-56A63A07150A}.iOS|Any CPU.ActiveCfg = iOS|Any CPU
		{27E4729A-1262-4B53-8F6B-56A63A07150A}.iOS|Mixed Platforms.ActiveCfg = iOS|Any CPU
		{27E4729A-1262-4B53-8F6B-56A63A07150A}.iOS|x86.ActiveCfg = iOS|Any CPU
		{27E4729A-1262-4B53-8F6B-56A63A07150A}.Linux|Any CPU.ActiveCfg = Linux|Any CPU
		{27E4729A-1262-4B53-8F6B-56A63A07150A}.Linux|Mixed Platforms.ActiveCfg = Linux|Any CPU
		{27E4729A-1262-4B53-8F6B-56A63A07150A}.Linux|x86.ActiveCfg = Linux|Any CPU
		{27E4729A-1262-4B53-8F6B-56A63A07150A}.OSX|Any CPU.ActiveCfg = OSX|Any CPU
		{27E4729A-1262-4B53-8F6B-56A63A07150A}.OSX|Mixed Platforms.ActiveCfg = OSX|Any CPU
		{27E4729A-1262-4B53-8F6B-56A63A07150A}.OSX|x86.ActiveCfg = OSX|Any CPU
		{27E4729A-1262-4B53-8F6B-56A63A07150A}.PSM|Any CPU.ActiveCfg = PSM|Any CPU
		{27E4729A-1262-4B53-8F6B-56A63A07150A}.PSM|Mixed Platforms.ActiveCfg = PSM|Any CPU
		{27E4729A-1262-4B53-8F6B-56A63A07150A}.PSM|x86.ActiveCfg = PSM|Any CPU
		{27E4729A-1262-4B53-8F6B-56A63A07150A}.Release|Any CPU.ActiveCfg = PSM|Any CPU
		{27E4729A-1262-4B53-8F6B-56A63A07150A}.Release|Mixed Platforms.ActiveCfg = Windows8|Any CPU
		{27E4729A-1262-4B53-8F6B-56A63A07150A}.Release|x86.ActiveCfg = PSM|Any CPU
		{27E4729A-1262-4B53-8F6B-56A63A07150A}.Windows|Any CPU.ActiveCfg = Windows|Any CPU
		{27E4729A-1262-4B53-8F6B-56A63A07150A}.Windows|Mixed Platforms.ActiveCfg = Windows|Any CPU
		{27E4729A-1262-4B53-8F6B-56A63A07150A}.Windows|x86.ActiveCfg = Windows|Any CPU
		{27E4729A-1262-4B53-8F6B-56A63A07150A}.Windows8|Any CPU.ActiveCfg = Windows8|Any CPU
		{27E4729A-1262-4B53-8F6B-56A63A07150A}.Windows8|Mixed Platforms.ActiveCfg = Windows8|Any CPU
		{27E4729A-1262-4B53-8F6B-56A63A07150A}.Windows8|x86.ActiveCfg = Windows8|Any CPU
		{0A5D6A10-F746-4B7D-9BCA-09269F593D6A}.Android|Any CPU.ActiveCfg = Release|x86
		{0A5D6A10-F746-4B7D-9BCA-09269F593D6A}.Android|Any CPU.Build.0 = Release|x86
		{0A5D6A10-F746-4B7D-9BCA-09269F593D6A}.Android|Mixed Platforms.ActiveCfg = Debug|x86
		{0A5D6A10-F746-4B7D-9BCA-09269F593D6A}.Android|Mixed Platforms.Build.0 = Debug|x86
		{0A5D6A10-F746-4B7D-9BCA-09269F593D6A}.Android|x86.ActiveCfg = Release|x86
		{0A5D6A10-F746-4B7D-9BCA-09269F593D6A}.Android|x86.Build.0 = Release|x86
		{0A5D6A10-F746-4B7D-9BCA-09269F593D6A}.Debug|Any CPU.ActiveCfg = Debug|x86
		{0A5D6A10-F746-4B7D-9BCA-09269F593D6A}.Debug|Any CPU.Build.0 = Debug|x86
		{0A5D6A10-F746-4B7D-9BCA-09269F593D6A}.Debug|Mixed Platforms.ActiveCfg = Debug|x86
		{0A5D6A10-F746-4B7D-9BCA-09269F593D6A}.Debug|Mixed Platforms.Build.0 = Debug|x86
		{0A5D6A10-F746-4B7D-9BCA-09269F593D6A}.Debug|x86.ActiveCfg = Debug|x86
		{0A5D6A10-F746-4B7D-9BCA-09269F593D6A}.Debug|x86.Build.0 = Debug|x86
		{0A5D6A10-F746-4B7D-9BCA-09269F593D6A}.iOS|Any CPU.ActiveCfg = Release|x86
		{0A5D6A10-F746-4B7D-9BCA-09269F593D6A}.iOS|Any CPU.Build.0 = Release|x86
		{0A5D6A10-F746-4B7D-9BCA-09269F593D6A}.iOS|Mixed Platforms.ActiveCfg = Debug|x86
		{0A5D6A10-F746-4B7D-9BCA-09269F593D6A}.iOS|Mixed Platforms.Build.0 = Debug|x86
		{0A5D6A10-F746-4B7D-9BCA-09269F593D6A}.iOS|x86.ActiveCfg = Release|x86
		{0A5D6A10-F746-4B7D-9BCA-09269F593D6A}.iOS|x86.Build.0 = Release|x86
		{0A5D6A10-F746-4B7D-9BCA-09269F593D6A}.Linux|Any CPU.ActiveCfg = Release|x86
		{0A5D6A10-F746-4B7D-9BCA-09269F593D6A}.Linux|Any CPU.Build.0 = Release|x86
		{0A5D6A10-F746-4B7D-9BCA-09269F593D6A}.Linux|Mixed Platforms.ActiveCfg = Debug|x86
		{0A5D6A10-F746-4B7D-9BCA-09269F593D6A}.Linux|Mixed Platforms.Build.0 = Debug|x86
		{0A5D6A10-F746-4B7D-9BCA-09269F593D6A}.Linux|x86.ActiveCfg = Release|x86
		{0A5D6A10-F746-4B7D-9BCA-09269F593D6A}.Linux|x86.Build.0 = Release|x86
		{0A5D6A10-F746-4B7D-9BCA-09269F593D6A}.OSX|Any CPU.ActiveCfg = Release|x86
		{0A5D6A10-F746-4B7D-9BCA-09269F593D6A}.OSX|Any CPU.Build.0 = Release|x86
		{0A5D6A10-F746-4B7D-9BCA-09269F593D6A}.OSX|Mixed Platforms.ActiveCfg = Debug|x86
		{0A5D6A10-F746-4B7D-9BCA-09269F593D6A}.OSX|Mixed Platforms.Build.0 = Debug|x86
		{0A5D6A10-F746-4B7D-9BCA-09269F593D6A}.OSX|x86.ActiveCfg = Release|x86
		{0A5D6A10-F746-4B7D-9BCA-09269F593D6A}.OSX|x86.Build.0 = Release|x86
		{0A5D6A10-F746-4B7D-9BCA-09269F593D6A}.PSM|Any CPU.ActiveCfg = Release|x86
		{0A5D6A10-F746-4B7D-9BCA-09269F593D6A}.PSM|Any CPU.Build.0 = Release|x86
		{0A5D6A10-F746-4B7D-9BCA-09269F593D6A}.PSM|Mixed Platforms.ActiveCfg = Debug|x86
		{0A5D6A10-F746-4B7D-9BCA-09269F593D6A}.PSM|Mixed Platforms.Build.0 = Debug|x86
		{0A5D6A10-F746-4B7D-9BCA-09269F593D6A}.PSM|x86.ActiveCfg = Release|x86
		{0A5D6A10-F746-4B7D-9BCA-09269F593D6A}.PSM|x86.Build.0 = Release|x86
		{0A5D6A10-F746-4B7D-9BCA-09269F593D6A}.Release|Any CPU.ActiveCfg = Release|x86
		{0A5D6A10-F746-4B7D-9BCA-09269F593D6A}.Release|Any CPU.Build.0 = Release|x86
		{0A5D6A10-F746-4B7D-9BCA-09269F593D6A}.Release|Mixed Platforms.ActiveCfg = Release|x86
		{0A5D6A10-F746-4B7D-9BCA-09269F593D6A}.Release|Mixed Platforms.Build.0 = Release|x86
		{0A5D6A10-F746-4B7D-9BCA-09269F593D6A}.Release|x86.ActiveCfg = Release|x86
		{0A5D6A10-F746-4B7D-9BCA-09269F593D6A}.Release|x86.Build.0 = Release|x86
		{0A5D6A10-F746-4B7D-9BCA-09269F593D6A}.Windows|Any CPU.ActiveCfg = Release|x86
		{0A5D6A10-F746-4B7D-9BCA-09269F593D6A}.Windows|Any CPU.Build.0 = Release|x86
		{0A5D6A10-F746-4B7D-9BCA-09269F593D6A}.Windows|Mixed Platforms.ActiveCfg = Debug|x86
		{0A5D6A10-F746-4B7D-9BCA-09269F593D6A}.Windows|Mixed Platforms.Build.0 = Debug|x86
		{0A5D6A10-F746-4B7D-9BCA-09269F593D6A}.Windows|x86.ActiveCfg = Release|x86
		{0A5D6A10-F746-4B7D-9BCA-09269F593D6A}.Windows|x86.Build.0 = Release|x86
		{0A5D6A10-F746-4B7D-9BCA-09269F593D6A}.Windows8|Any CPU.ActiveCfg = Release|x86
		{0A5D6A10-F746-4B7D-9BCA-09269F593D6A}.Windows8|Any CPU.Build.0 = Release|x86
		{0A5D6A10-F746-4B7D-9BCA-09269F593D6A}.Windows8|Mixed Platforms.ActiveCfg = Debug|x86
		{0A5D6A10-F746-4B7D-9BCA-09269F593D6A}.Windows8|Mixed Platforms.Build.0 = Debug|x86
		{0A5D6A10-F746-4B7D-9BCA-09269F593D6A}.Windows8|x86.ActiveCfg = Release|x86
		{0A5D6A10-F746-4B7D-9BCA-09269F593D6A}.Windows8|x86.Build.0 = Release|x86
		{91A424B6-E62B-4B7A-B30D-331C7E3AF5F0}.Android|Any CPU.ActiveCfg = Release|x86
		{91A424B6-E62B-4B7A-B30D-331C7E3AF5F0}.Android|Mixed Platforms.ActiveCfg = Debug|x86
		{91A424B6-E62B-4B7A-B30D-331C7E3AF5F0}.Android|Mixed Platforms.Build.0 = Debug|x86
		{91A424B6-E62B-4B7A-B30D-331C7E3AF5F0}.Android|x86.ActiveCfg = Release|x86
		{91A424B6-E62B-4B7A-B30D-331C7E3AF5F0}.Android|x86.Build.0 = Release|x86
		{91A424B6-E62B-4B7A-B30D-331C7E3AF5F0}.Debug|Any CPU.ActiveCfg = Debug|Any CPU
		{91A424B6-E62B-4B7A-B30D-331C7E3AF5F0}.Debug|Any CPU.Build.0 = Debug|Any CPU
		{91A424B6-E62B-4B7A-B30D-331C7E3AF5F0}.Debug|Any CPU.Deploy.0 = Debug|Any CPU
		{91A424B6-E62B-4B7A-B30D-331C7E3AF5F0}.Debug|Mixed Platforms.ActiveCfg = Debug|x86
		{91A424B6-E62B-4B7A-B30D-331C7E3AF5F0}.Debug|Mixed Platforms.Build.0 = Debug|x86
		{91A424B6-E62B-4B7A-B30D-331C7E3AF5F0}.Debug|x86.ActiveCfg = Debug|x86
		{91A424B6-E62B-4B7A-B30D-331C7E3AF5F0}.Debug|x86.Build.0 = Debug|x86
		{91A424B6-E62B-4B7A-B30D-331C7E3AF5F0}.iOS|Any CPU.ActiveCfg = Release|x86
		{91A424B6-E62B-4B7A-B30D-331C7E3AF5F0}.iOS|Mixed Platforms.ActiveCfg = Debug|x86
		{91A424B6-E62B-4B7A-B30D-331C7E3AF5F0}.iOS|Mixed Platforms.Build.0 = Debug|x86
		{91A424B6-E62B-4B7A-B30D-331C7E3AF5F0}.iOS|x86.ActiveCfg = Release|x86
		{91A424B6-E62B-4B7A-B30D-331C7E3AF5F0}.iOS|x86.Build.0 = Release|x86
		{91A424B6-E62B-4B7A-B30D-331C7E3AF5F0}.Linux|Any CPU.ActiveCfg = Release|x86
		{91A424B6-E62B-4B7A-B30D-331C7E3AF5F0}.Linux|Mixed Platforms.ActiveCfg = Debug|x86
		{91A424B6-E62B-4B7A-B30D-331C7E3AF5F0}.Linux|Mixed Platforms.Build.0 = Debug|x86
		{91A424B6-E62B-4B7A-B30D-331C7E3AF5F0}.Linux|x86.ActiveCfg = Release|x86
		{91A424B6-E62B-4B7A-B30D-331C7E3AF5F0}.Linux|x86.Build.0 = Release|x86
		{91A424B6-E62B-4B7A-B30D-331C7E3AF5F0}.OSX|Any CPU.ActiveCfg = Release|x86
		{91A424B6-E62B-4B7A-B30D-331C7E3AF5F0}.OSX|Mixed Platforms.ActiveCfg = Debug|x86
		{91A424B6-E62B-4B7A-B30D-331C7E3AF5F0}.OSX|Mixed Platforms.Build.0 = Debug|x86
		{91A424B6-E62B-4B7A-B30D-331C7E3AF5F0}.OSX|x86.ActiveCfg = Release|x86
		{91A424B6-E62B-4B7A-B30D-331C7E3AF5F0}.OSX|x86.Build.0 = Release|x86
		{91A424B6-E62B-4B7A-B30D-331C7E3AF5F0}.PSM|Any CPU.ActiveCfg = Release|x86
		{91A424B6-E62B-4B7A-B30D-331C7E3AF5F0}.PSM|Mixed Platforms.ActiveCfg = Debug|x86
		{91A424B6-E62B-4B7A-B30D-331C7E3AF5F0}.PSM|Mixed Platforms.Build.0 = Debug|x86
		{91A424B6-E62B-4B7A-B30D-331C7E3AF5F0}.PSM|x86.ActiveCfg = Release|x86
		{91A424B6-E62B-4B7A-B30D-331C7E3AF5F0}.PSM|x86.Build.0 = Release|x86
		{91A424B6-E62B-4B7A-B30D-331C7E3AF5F0}.Release|Any CPU.ActiveCfg = Release|x86
		{91A424B6-E62B-4B7A-B30D-331C7E3AF5F0}.Release|Mixed Platforms.ActiveCfg = Release|x86
		{91A424B6-E62B-4B7A-B30D-331C7E3AF5F0}.Release|Mixed Platforms.Build.0 = Release|x86
		{91A424B6-E62B-4B7A-B30D-331C7E3AF5F0}.Release|x86.ActiveCfg = Release|x86
		{91A424B6-E62B-4B7A-B30D-331C7E3AF5F0}.Release|x86.Build.0 = Release|x86
		{91A424B6-E62B-4B7A-B30D-331C7E3AF5F0}.Windows|Any CPU.ActiveCfg = Release|x86
		{91A424B6-E62B-4B7A-B30D-331C7E3AF5F0}.Windows|Mixed Platforms.ActiveCfg = Debug|x86
		{91A424B6-E62B-4B7A-B30D-331C7E3AF5F0}.Windows|Mixed Platforms.Build.0 = Debug|x86
		{91A424B6-E62B-4B7A-B30D-331C7E3AF5F0}.Windows|x86.ActiveCfg = Release|x86
		{91A424B6-E62B-4B7A-B30D-331C7E3AF5F0}.Windows|x86.Build.0 = Release|x86
		{91A424B6-E62B-4B7A-B30D-331C7E3AF5F0}.Windows8|Any CPU.ActiveCfg = Release|x86
		{91A424B6-E62B-4B7A-B30D-331C7E3AF5F0}.Windows8|Mixed Platforms.ActiveCfg = Debug|x86
		{91A424B6-E62B-4B7A-B30D-331C7E3AF5F0}.Windows8|Mixed Platforms.Build.0 = Debug|x86
		{91A424B6-E62B-4B7A-B30D-331C7E3AF5F0}.Windows8|x86.ActiveCfg = Release|x86
		{91A424B6-E62B-4B7A-B30D-331C7E3AF5F0}.Windows8|x86.Build.0 = Release|x86
		{5718D82F-2AC8-42BB-A7F0-5309BED3D883}.Android|Any CPU.ActiveCfg = Android|Any CPU
		{5718D82F-2AC8-42BB-A7F0-5309BED3D883}.Android|Any CPU.Build.0 = Android|Any CPU
		{5718D82F-2AC8-42BB-A7F0-5309BED3D883}.Android|Mixed Platforms.ActiveCfg = Android|Any CPU
		{5718D82F-2AC8-42BB-A7F0-5309BED3D883}.Android|Mixed Platforms.Build.0 = Android|Any CPU
		{5718D82F-2AC8-42BB-A7F0-5309BED3D883}.Android|x86.ActiveCfg = Android|Any CPU
		{5718D82F-2AC8-42BB-A7F0-5309BED3D883}.Debug|Any CPU.ActiveCfg = Windows|Any CPU
		{5718D82F-2AC8-42BB-A7F0-5309BED3D883}.Debug|Any CPU.Build.0 = Windows|Any CPU
		{5718D82F-2AC8-42BB-A7F0-5309BED3D883}.Debug|Mixed Platforms.ActiveCfg = PSM|Any CPU
		{5718D82F-2AC8-42BB-A7F0-5309BED3D883}.Debug|Mixed Platforms.Build.0 = PSM|Any CPU
		{5718D82F-2AC8-42BB-A7F0-5309BED3D883}.Debug|x86.ActiveCfg = Windows|Any CPU
		{5718D82F-2AC8-42BB-A7F0-5309BED3D883}.iOS|Any CPU.ActiveCfg = iOS|Any CPU
		{5718D82F-2AC8-42BB-A7F0-5309BED3D883}.iOS|Any CPU.Build.0 = iOS|Any CPU
		{5718D82F-2AC8-42BB-A7F0-5309BED3D883}.iOS|Mixed Platforms.ActiveCfg = iOS|Any CPU
		{5718D82F-2AC8-42BB-A7F0-5309BED3D883}.iOS|Mixed Platforms.Build.0 = iOS|Any CPU
		{5718D82F-2AC8-42BB-A7F0-5309BED3D883}.iOS|x86.ActiveCfg = iOS|Any CPU
		{5718D82F-2AC8-42BB-A7F0-5309BED3D883}.Linux|Any CPU.ActiveCfg = Linux|Any CPU
		{5718D82F-2AC8-42BB-A7F0-5309BED3D883}.Linux|Any CPU.Build.0 = Linux|Any CPU
		{5718D82F-2AC8-42BB-A7F0-5309BED3D883}.Linux|Mixed Platforms.ActiveCfg = Linux|Any CPU
		{5718D82F-2AC8-42BB-A7F0-5309BED3D883}.Linux|Mixed Platforms.Build.0 = Linux|Any CPU
		{5718D82F-2AC8-42BB-A7F0-5309BED3D883}.Linux|x86.ActiveCfg = Linux|Any CPU
		{5718D82F-2AC8-42BB-A7F0-5309BED3D883}.OSX|Any CPU.ActiveCfg = OSX|Any CPU
		{5718D82F-2AC8-42BB-A7F0-5309BED3D883}.OSX|Any CPU.Build.0 = OSX|Any CPU
		{5718D82F-2AC8-42BB-A7F0-5309BED3D883}.OSX|Mixed Platforms.ActiveCfg = OSX|Any CPU
		{5718D82F-2AC8-42BB-A7F0-5309BED3D883}.OSX|Mixed Platforms.Build.0 = OSX|Any CPU
		{5718D82F-2AC8-42BB-A7F0-5309BED3D883}.OSX|x86.ActiveCfg = OSX|Any CPU
		{5718D82F-2AC8-42BB-A7F0-5309BED3D883}.PSM|Any CPU.ActiveCfg = PSM|Any CPU
		{5718D82F-2AC8-42BB-A7F0-5309BED3D883}.PSM|Any CPU.Build.0 = PSM|Any CPU
		{5718D82F-2AC8-42BB-A7F0-5309BED3D883}.PSM|Mixed Platforms.ActiveCfg = PSM|Any CPU
		{5718D82F-2AC8-42BB-A7F0-5309BED3D883}.PSM|Mixed Platforms.Build.0 = PSM|Any CPU
		{5718D82F-2AC8-42BB-A7F0-5309BED3D883}.PSM|x86.ActiveCfg = PSM|Any CPU
		{5718D82F-2AC8-42BB-A7F0-5309BED3D883}.Release|Any CPU.ActiveCfg = Windows|Any CPU
		{5718D82F-2AC8-42BB-A7F0-5309BED3D883}.Release|Any CPU.Build.0 = Windows|Any CPU
		{5718D82F-2AC8-42BB-A7F0-5309BED3D883}.Release|Mixed Platforms.ActiveCfg = Windows8|Any CPU
		{5718D82F-2AC8-42BB-A7F0-5309BED3D883}.Release|Mixed Platforms.Build.0 = Windows8|Any CPU
		{5718D82F-2AC8-42BB-A7F0-5309BED3D883}.Release|x86.ActiveCfg = PSM|Any CPU
		{5718D82F-2AC8-42BB-A7F0-5309BED3D883}.Windows|Any CPU.ActiveCfg = Windows|Any CPU
		{5718D82F-2AC8-42BB-A7F0-5309BED3D883}.Windows|Any CPU.Build.0 = Windows|Any CPU
		{5718D82F-2AC8-42BB-A7F0-5309BED3D883}.Windows|Mixed Platforms.ActiveCfg = Windows|Any CPU
		{5718D82F-2AC8-42BB-A7F0-5309BED3D883}.Windows|Mixed Platforms.Build.0 = Windows|Any CPU
		{5718D82F-2AC8-42BB-A7F0-5309BED3D883}.Windows|x86.ActiveCfg = Windows|Any CPU
		{5718D82F-2AC8-42BB-A7F0-5309BED3D883}.Windows8|Any CPU.ActiveCfg = Windows8|Any CPU
		{5718D82F-2AC8-42BB-A7F0-5309BED3D883}.Windows8|Any CPU.Build.0 = Windows8|Any CPU
		{5718D82F-2AC8-42BB-A7F0-5309BED3D883}.Windows8|Mixed Platforms.ActiveCfg = Windows8|Any CPU
		{5718D82F-2AC8-42BB-A7F0-5309BED3D883}.Windows8|Mixed Platforms.Build.0 = Windows8|Any CPU
		{5718D82F-2AC8-42BB-A7F0-5309BED3D883}.Windows8|x86.ActiveCfg = Windows8|Any CPU
		{27ADEECF-12FD-45F1-BE25-A91AC50F003D}.Android|Any CPU.ActiveCfg = Android|Any CPU
		{27ADEECF-12FD-45F1-BE25-A91AC50F003D}.Android|Mixed Platforms.ActiveCfg = Android|Any CPU
		{27ADEECF-12FD-45F1-BE25-A91AC50F003D}.Android|x86.ActiveCfg = Android|Any CPU
		{27ADEECF-12FD-45F1-BE25-A91AC50F003D}.Debug|Any CPU.ActiveCfg = PSM|Any CPU
		{27ADEECF-12FD-45F1-BE25-A91AC50F003D}.Debug|Any CPU.Build.0 = PSM|Any CPU
		{27ADEECF-12FD-45F1-BE25-A91AC50F003D}.Debug|Mixed Platforms.ActiveCfg = Windows8|Any CPU
		{27ADEECF-12FD-45F1-BE25-A91AC50F003D}.Debug|x86.ActiveCfg = PSM|Any CPU
		{27ADEECF-12FD-45F1-BE25-A91AC50F003D}.iOS|Any CPU.ActiveCfg = iOS|Any CPU
		{27ADEECF-12FD-45F1-BE25-A91AC50F003D}.iOS|Mixed Platforms.ActiveCfg = iOS|Any CPU
		{27ADEECF-12FD-45F1-BE25-A91AC50F003D}.iOS|x86.ActiveCfg = iOS|Any CPU
		{27ADEECF-12FD-45F1-BE25-A91AC50F003D}.Linux|Any CPU.ActiveCfg = Linux|Any CPU
		{27ADEECF-12FD-45F1-BE25-A91AC50F003D}.Linux|Mixed Platforms.ActiveCfg = Linux|Any CPU
		{27ADEECF-12FD-45F1-BE25-A91AC50F003D}.Linux|x86.ActiveCfg = Linux|Any CPU
		{27ADEECF-12FD-45F1-BE25-A91AC50F003D}.OSX|Any CPU.ActiveCfg = OSX|Any CPU
		{27ADEECF-12FD-45F1-BE25-A91AC50F003D}.OSX|Mixed Platforms.ActiveCfg = OSX|Any CPU
		{27ADEECF-12FD-45F1-BE25-A91AC50F003D}.OSX|x86.ActiveCfg = OSX|Any CPU
		{27ADEECF-12FD-45F1-BE25-A91AC50F003D}.PSM|Any CPU.ActiveCfg = PSM|Any CPU
		{27ADEECF-12FD-45F1-BE25-A91AC50F003D}.PSM|Mixed Platforms.ActiveCfg = PSM|Any CPU
		{27ADEECF-12FD-45F1-BE25-A91AC50F003D}.PSM|x86.ActiveCfg = PSM|Any CPU
		{27ADEECF-12FD-45F1-BE25-A91AC50F003D}.Release|Any CPU.ActiveCfg = PSM|Any CPU
		{27ADEECF-12FD-45F1-BE25-A91AC50F003D}.Release|Mixed Platforms.ActiveCfg = Windows8|Any CPU
		{27ADEECF-12FD-45F1-BE25-A91AC50F003D}.Release|x86.ActiveCfg = PSM|Any CPU
		{27ADEECF-12FD-45F1-BE25-A91AC50F003D}.Windows|Any CPU.ActiveCfg = Windows|Any CPU
		{27ADEECF-12FD-45F1-BE25-A91AC50F003D}.Windows|Mixed Platforms.ActiveCfg = Windows|Any CPU
		{27ADEECF-12FD-45F1-BE25-A91AC50F003D}.Windows|x86.ActiveCfg = Windows|Any CPU
		{27ADEECF-12FD-45F1-BE25-A91AC50F003D}.Windows8|Any CPU.ActiveCfg = Windows8|Any CPU
		{27ADEECF-12FD-45F1-BE25-A91AC50F003D}.Windows8|Mixed Platforms.ActiveCfg = Windows8|Any CPU
		{27ADEECF-12FD-45F1-BE25-A91AC50F003D}.Windows8|x86.ActiveCfg = Windows8|Any CPU
		{5CE94B1A-EB7A-464D-94DD-24BC91344B40}.Android|Any CPU.ActiveCfg = Release|Any CPU
		{5CE94B1A-EB7A-464D-94DD-24BC91344B40}.Android|Any CPU.Build.0 = Release|Any CPU
		{5CE94B1A-EB7A-464D-94DD-24BC91344B40}.Android|Mixed Platforms.ActiveCfg = Debug|Any CPU
		{5CE94B1A-EB7A-464D-94DD-24BC91344B40}.Android|Mixed Platforms.Build.0 = Debug|Any CPU
		{5CE94B1A-EB7A-464D-94DD-24BC91344B40}.Android|x86.ActiveCfg = Release|Any CPU
		{5CE94B1A-EB7A-464D-94DD-24BC91344B40}.Debug|Any CPU.ActiveCfg = Debug|Any CPU
		{5CE94B1A-EB7A-464D-94DD-24BC91344B40}.Debug|Any CPU.Build.0 = Debug|Any CPU
		{5CE94B1A-EB7A-464D-94DD-24BC91344B40}.Debug|Mixed Platforms.ActiveCfg = Debug|Any CPU
		{5CE94B1A-EB7A-464D-94DD-24BC91344B40}.Debug|Mixed Platforms.Build.0 = Debug|Any CPU
		{5CE94B1A-EB7A-464D-94DD-24BC91344B40}.Debug|x86.ActiveCfg = Debug|Any CPU
		{5CE94B1A-EB7A-464D-94DD-24BC91344B40}.iOS|Any CPU.ActiveCfg = Release|Any CPU
		{5CE94B1A-EB7A-464D-94DD-24BC91344B40}.iOS|Any CPU.Build.0 = Release|Any CPU
		{5CE94B1A-EB7A-464D-94DD-24BC91344B40}.iOS|Mixed Platforms.ActiveCfg = Debug|Any CPU
		{5CE94B1A-EB7A-464D-94DD-24BC91344B40}.iOS|Mixed Platforms.Build.0 = Debug|Any CPU
		{5CE94B1A-EB7A-464D-94DD-24BC91344B40}.iOS|x86.ActiveCfg = Release|Any CPU
		{5CE94B1A-EB7A-464D-94DD-24BC91344B40}.Linux|Any CPU.ActiveCfg = Release|Any CPU
		{5CE94B1A-EB7A-464D-94DD-24BC91344B40}.Linux|Any CPU.Build.0 = Release|Any CPU
		{5CE94B1A-EB7A-464D-94DD-24BC91344B40}.Linux|Mixed Platforms.ActiveCfg = Debug|Any CPU
		{5CE94B1A-EB7A-464D-94DD-24BC91344B40}.Linux|Mixed Platforms.Build.0 = Debug|Any CPU
		{5CE94B1A-EB7A-464D-94DD-24BC91344B40}.Linux|x86.ActiveCfg = Release|Any CPU
		{5CE94B1A-EB7A-464D-94DD-24BC91344B40}.OSX|Any CPU.ActiveCfg = Release|Any CPU
		{5CE94B1A-EB7A-464D-94DD-24BC91344B40}.OSX|Any CPU.Build.0 = Release|Any CPU
		{5CE94B1A-EB7A-464D-94DD-24BC91344B40}.OSX|Mixed Platforms.ActiveCfg = Debug|Any CPU
		{5CE94B1A-EB7A-464D-94DD-24BC91344B40}.OSX|Mixed Platforms.Build.0 = Debug|Any CPU
		{5CE94B1A-EB7A-464D-94DD-24BC91344B40}.OSX|x86.ActiveCfg = Release|Any CPU
		{5CE94B1A-EB7A-464D-94DD-24BC91344B40}.PSM|Any CPU.ActiveCfg = Release|Any CPU
		{5CE94B1A-EB7A-464D-94DD-24BC91344B40}.PSM|Any CPU.Build.0 = Release|Any CPU
		{5CE94B1A-EB7A-464D-94DD-24BC91344B40}.PSM|Mixed Platforms.ActiveCfg = Debug|Any CPU
		{5CE94B1A-EB7A-464D-94DD-24BC91344B40}.PSM|Mixed Platforms.Build.0 = Debug|Any CPU
		{5CE94B1A-EB7A-464D-94DD-24BC91344B40}.PSM|x86.ActiveCfg = Release|Any CPU
		{5CE94B1A-EB7A-464D-94DD-24BC91344B40}.Release|Any CPU.ActiveCfg = Release|Any CPU
		{5CE94B1A-EB7A-464D-94DD-24BC91344B40}.Release|Any CPU.Build.0 = Release|Any CPU
		{5CE94B1A-EB7A-464D-94DD-24BC91344B40}.Release|Mixed Platforms.ActiveCfg = Release|Any CPU
		{5CE94B1A-EB7A-464D-94DD-24BC91344B40}.Release|Mixed Platforms.Build.0 = Release|Any CPU
		{5CE94B1A-EB7A-464D-94DD-24BC91344B40}.Release|x86.ActiveCfg = Release|Any CPU
		{5CE94B1A-EB7A-464D-94DD-24BC91344B40}.Windows|Any CPU.ActiveCfg = Release|Any CPU
		{5CE94B1A-EB7A-464D-94DD-24BC91344B40}.Windows|Any CPU.Build.0 = Release|Any CPU
		{5CE94B1A-EB7A-464D-94DD-24BC91344B40}.Windows|Mixed Platforms.ActiveCfg = Debug|Any CPU
		{5CE94B1A-EB7A-464D-94DD-24BC91344B40}.Windows|Mixed Platforms.Build.0 = Debug|Any CPU
		{5CE94B1A-EB7A-464D-94DD-24BC91344B40}.Windows|x86.ActiveCfg = Release|Any CPU
		{5CE94B1A-EB7A-464D-94DD-24BC91344B40}.Windows8|Any CPU.ActiveCfg = Release|Any CPU
		{5CE94B1A-EB7A-464D-94DD-24BC91344B40}.Windows8|Any CPU.Build.0 = Release|Any CPU
		{5CE94B1A-EB7A-464D-94DD-24BC91344B40}.Windows8|Mixed Platforms.ActiveCfg = Debug|Any CPU
		{5CE94B1A-EB7A-464D-94DD-24BC91344B40}.Windows8|Mixed Platforms.Build.0 = Debug|Any CPU
		{5CE94B1A-EB7A-464D-94DD-24BC91344B40}.Windows8|x86.ActiveCfg = Release|Any CPU
		{8944C3AB-1865-49CF-9E84-1ECC42AD2C3E}.Android|Any CPU.ActiveCfg = Release|x86
		{8944C3AB-1865-49CF-9E84-1ECC42AD2C3E}.Android|Mixed Platforms.ActiveCfg = Debug|x86
		{8944C3AB-1865-49CF-9E84-1ECC42AD2C3E}.Android|Mixed Platforms.Build.0 = Debug|x86
		{8944C3AB-1865-49CF-9E84-1ECC42AD2C3E}.Android|x86.ActiveCfg = Release|x86
		{8944C3AB-1865-49CF-9E84-1ECC42AD2C3E}.Android|x86.Build.0 = Release|x86
		{8944C3AB-1865-49CF-9E84-1ECC42AD2C3E}.Debug|Any CPU.ActiveCfg = Debug|Any CPU
		{8944C3AB-1865-49CF-9E84-1ECC42AD2C3E}.Debug|Any CPU.Build.0 = Debug|Any CPU
		{8944C3AB-1865-49CF-9E84-1ECC42AD2C3E}.Debug|Mixed Platforms.ActiveCfg = Debug|x86
		{8944C3AB-1865-49CF-9E84-1ECC42AD2C3E}.Debug|Mixed Platforms.Build.0 = Debug|x86
		{8944C3AB-1865-49CF-9E84-1ECC42AD2C3E}.Debug|x86.ActiveCfg = Debug|x86
		{8944C3AB-1865-49CF-9E84-1ECC42AD2C3E}.Debug|x86.Build.0 = Debug|x86
		{8944C3AB-1865-49CF-9E84-1ECC42AD2C3E}.iOS|Any CPU.ActiveCfg = Release|x86
		{8944C3AB-1865-49CF-9E84-1ECC42AD2C3E}.iOS|Mixed Platforms.ActiveCfg = Debug|x86
		{8944C3AB-1865-49CF-9E84-1ECC42AD2C3E}.iOS|Mixed Platforms.Build.0 = Debug|x86
		{8944C3AB-1865-49CF-9E84-1ECC42AD2C3E}.iOS|x86.ActiveCfg = Release|x86
		{8944C3AB-1865-49CF-9E84-1ECC42AD2C3E}.iOS|x86.Build.0 = Release|x86
		{8944C3AB-1865-49CF-9E84-1ECC42AD2C3E}.Linux|Any CPU.ActiveCfg = Release|x86
		{8944C3AB-1865-49CF-9E84-1ECC42AD2C3E}.Linux|Mixed Platforms.ActiveCfg = Debug|x86
		{8944C3AB-1865-49CF-9E84-1ECC42AD2C3E}.Linux|Mixed Platforms.Build.0 = Debug|x86
		{8944C3AB-1865-49CF-9E84-1ECC42AD2C3E}.Linux|x86.ActiveCfg = Release|x86
		{8944C3AB-1865-49CF-9E84-1ECC42AD2C3E}.Linux|x86.Build.0 = Release|x86
		{8944C3AB-1865-49CF-9E84-1ECC42AD2C3E}.OSX|Any CPU.ActiveCfg = Release|x86
		{8944C3AB-1865-49CF-9E84-1ECC42AD2C3E}.OSX|Mixed Platforms.ActiveCfg = Debug|x86
		{8944C3AB-1865-49CF-9E84-1ECC42AD2C3E}.OSX|Mixed Platforms.Build.0 = Debug|x86
		{8944C3AB-1865-49CF-9E84-1ECC42AD2C3E}.OSX|x86.ActiveCfg = Release|x86
		{8944C3AB-1865-49CF-9E84-1ECC42AD2C3E}.OSX|x86.Build.0 = Release|x86
		{8944C3AB-1865-49CF-9E84-1ECC42AD2C3E}.PSM|Any CPU.ActiveCfg = Release|x86
		{8944C3AB-1865-49CF-9E84-1ECC42AD2C3E}.PSM|Mixed Platforms.ActiveCfg = Debug|x86
		{8944C3AB-1865-49CF-9E84-1ECC42AD2C3E}.PSM|Mixed Platforms.Build.0 = Debug|x86
		{8944C3AB-1865-49CF-9E84-1ECC42AD2C3E}.PSM|x86.ActiveCfg = Release|x86
		{8944C3AB-1865-49CF-9E84-1ECC42AD2C3E}.PSM|x86.Build.0 = Release|x86
		{8944C3AB-1865-49CF-9E84-1ECC42AD2C3E}.Release|Any CPU.ActiveCfg = Release|x86
		{8944C3AB-1865-49CF-9E84-1ECC42AD2C3E}.Release|Mixed Platforms.ActiveCfg = Release|x86
		{8944C3AB-1865-49CF-9E84-1ECC42AD2C3E}.Release|Mixed Platforms.Build.0 = Release|x86
		{8944C3AB-1865-49CF-9E84-1ECC42AD2C3E}.Release|x86.ActiveCfg = Release|x86
		{8944C3AB-1865-49CF-9E84-1ECC42AD2C3E}.Release|x86.Build.0 = Release|x86
		{8944C3AB-1865-49CF-9E84-1ECC42AD2C3E}.Windows|Any CPU.ActiveCfg = Release|x86
		{8944C3AB-1865-49CF-9E84-1ECC42AD2C3E}.Windows|Mixed Platforms.ActiveCfg = Debug|x86
		{8944C3AB-1865-49CF-9E84-1ECC42AD2C3E}.Windows|Mixed Platforms.Build.0 = Debug|x86
		{8944C3AB-1865-49CF-9E84-1ECC42AD2C3E}.Windows|x86.ActiveCfg = Release|x86
		{8944C3AB-1865-49CF-9E84-1ECC42AD2C3E}.Windows|x86.Build.0 = Release|x86
		{8944C3AB-1865-49CF-9E84-1ECC42AD2C3E}.Windows8|Any CPU.ActiveCfg = Release|x86
		{8944C3AB-1865-49CF-9E84-1ECC42AD2C3E}.Windows8|Mixed Platforms.ActiveCfg = Debug|x86
		{8944C3AB-1865-49CF-9E84-1ECC42AD2C3E}.Windows8|Mixed Platforms.Build.0 = Debug|x86
		{8944C3AB-1865-49CF-9E84-1ECC42AD2C3E}.Windows8|x86.ActiveCfg = Release|x86
		{8944C3AB-1865-49CF-9E84-1ECC42AD2C3E}.Windows8|x86.Build.0 = Release|x86
		{353B17F3-693C-414E-B663-773F52AE378B}.Android|Any CPU.ActiveCfg = Release|Any CPU
		{353B17F3-693C-414E-B663-773F52AE378B}.Android|Any CPU.Build.0 = Release|Any CPU
		{353B17F3-693C-414E-B663-773F52AE378B}.Android|Mixed Platforms.ActiveCfg = Release|Any CPU
		{353B17F3-693C-414E-B663-773F52AE378B}.Android|Mixed Platforms.Build.0 = Release|Any CPU
		{353B17F3-693C-414E-B663-773F52AE378B}.Android|x86.ActiveCfg = Release|Any CPU
		{353B17F3-693C-414E-B663-773F52AE378B}.Debug|Any CPU.ActiveCfg = Debug|Any CPU
		{353B17F3-693C-414E-B663-773F52AE378B}.Debug|Any CPU.Build.0 = Debug|Any CPU
		{353B17F3-693C-414E-B663-773F52AE378B}.Debug|Mixed Platforms.ActiveCfg = Debug|Any CPU
		{353B17F3-693C-414E-B663-773F52AE378B}.Debug|Mixed Platforms.Build.0 = Debug|Any CPU
		{353B17F3-693C-414E-B663-773F52AE378B}.Debug|x86.ActiveCfg = Debug|Any CPU
		{353B17F3-693C-414E-B663-773F52AE378B}.iOS|Any CPU.ActiveCfg = Release|Any CPU
		{353B17F3-693C-414E-B663-773F52AE378B}.iOS|Any CPU.Build.0 = Release|Any CPU
		{353B17F3-693C-414E-B663-773F52AE378B}.iOS|Mixed Platforms.ActiveCfg = Release|Any CPU
		{353B17F3-693C-414E-B663-773F52AE378B}.iOS|Mixed Platforms.Build.0 = Release|Any CPU
		{353B17F3-693C-414E-B663-773F52AE378B}.iOS|x86.ActiveCfg = Release|Any CPU
		{353B17F3-693C-414E-B663-773F52AE378B}.Linux|Any CPU.ActiveCfg = Release|Any CPU
		{353B17F3-693C-414E-B663-773F52AE378B}.Linux|Any CPU.Build.0 = Release|Any CPU
		{353B17F3-693C-414E-B663-773F52AE378B}.Linux|Mixed Platforms.ActiveCfg = Release|Any CPU
		{353B17F3-693C-414E-B663-773F52AE378B}.Linux|Mixed Platforms.Build.0 = Release|Any CPU
		{353B17F3-693C-414E-B663-773F52AE378B}.Linux|x86.ActiveCfg = Release|Any CPU
		{353B17F3-693C-414E-B663-773F52AE378B}.OSX|Any CPU.ActiveCfg = Release|Any CPU
		{353B17F3-693C-414E-B663-773F52AE378B}.OSX|Any CPU.Build.0 = Release|Any CPU
		{353B17F3-693C-414E-B663-773F52AE378B}.OSX|Mixed Platforms.ActiveCfg = Release|Any CPU
		{353B17F3-693C-414E-B663-773F52AE378B}.OSX|Mixed Platforms.Build.0 = Release|Any CPU
		{353B17F3-693C-414E-B663-773F52AE378B}.OSX|x86.ActiveCfg = Release|Any CPU
		{353B17F3-693C-414E-B663-773F52AE378B}.PSM|Any CPU.ActiveCfg = Release|Any CPU
		{353B17F3-693C-414E-B663-773F52AE378B}.PSM|Any CPU.Build.0 = Release|Any CPU
		{353B17F3-693C-414E-B663-773F52AE378B}.PSM|Mixed Platforms.ActiveCfg = Release|Any CPU
		{353B17F3-693C-414E-B663-773F52AE378B}.PSM|Mixed Platforms.Build.0 = Release|Any CPU
		{353B17F3-693C-414E-B663-773F52AE378B}.PSM|x86.ActiveCfg = Release|Any CPU
		{353B17F3-693C-414E-B663-773F52AE378B}.Release|Any CPU.ActiveCfg = Release|Any CPU
		{353B17F3-693C-414E-B663-773F52AE378B}.Release|Any CPU.Build.0 = Release|Any CPU
		{353B17F3-693C-414E-B663-773F52AE378B}.Release|Mixed Platforms.ActiveCfg = Release|Any CPU
		{353B17F3-693C-414E-B663-773F52AE378B}.Release|Mixed Platforms.Build.0 = Release|Any CPU
		{353B17F3-693C-414E-B663-773F52AE378B}.Release|x86.ActiveCfg = Release|Any CPU
		{353B17F3-693C-414E-B663-773F52AE378B}.Windows|Any CPU.ActiveCfg = Release|Any CPU
		{353B17F3-693C-414E-B663-773F52AE378B}.Windows|Any CPU.Build.0 = Release|Any CPU
		{353B17F3-693C-414E-B663-773F52AE378B}.Windows|Mixed Platforms.ActiveCfg = Release|Any CPU
		{353B17F3-693C-414E-B663-773F52AE378B}.Windows|Mixed Platforms.Build.0 = Release|Any CPU
		{353B17F3-693C-414E-B663-773F52AE378B}.Windows|x86.ActiveCfg = Release|Any CPU
		{353B17F3-693C-414E-B663-773F52AE378B}.Windows8|Any CPU.ActiveCfg = Release|Any CPU
		{353B17F3-693C-414E-B663-773F52AE378B}.Windows8|Any CPU.Build.0 = Release|Any CPU
		{353B17F3-693C-414E-B663-773F52AE378B}.Windows8|Mixed Platforms.ActiveCfg = Release|Any CPU
		{353B17F3-693C-414E-B663-773F52AE378B}.Windows8|Mixed Platforms.Build.0 = Release|Any CPU
		{353B17F3-693C-414E-B663-773F52AE378B}.Windows8|x86.ActiveCfg = Release|Any CPU
		{B6C5E1B2-3858-4CFA-8409-9F62682BD40D}.Android|Any CPU.ActiveCfg = Release|x86
		{B6C5E1B2-3858-4CFA-8409-9F62682BD40D}.Android|Mixed Platforms.ActiveCfg = Release|x86
		{B6C5E1B2-3858-4CFA-8409-9F62682BD40D}.Android|Mixed Platforms.Build.0 = Release|x86
		{B6C5E1B2-3858-4CFA-8409-9F62682BD40D}.Android|x86.ActiveCfg = Release|x86
		{B6C5E1B2-3858-4CFA-8409-9F62682BD40D}.Android|x86.Build.0 = Release|x86
		{B6C5E1B2-3858-4CFA-8409-9F62682BD40D}.Debug|Any CPU.ActiveCfg = Debug|Any CPU
		{B6C5E1B2-3858-4CFA-8409-9F62682BD40D}.Debug|Any CPU.Build.0 = Debug|Any CPU
		{B6C5E1B2-3858-4CFA-8409-9F62682BD40D}.Debug|Mixed Platforms.ActiveCfg = Debug|x86
		{B6C5E1B2-3858-4CFA-8409-9F62682BD40D}.Debug|Mixed Platforms.Build.0 = Debug|x86
		{B6C5E1B2-3858-4CFA-8409-9F62682BD40D}.Debug|x86.ActiveCfg = Debug|x86
		{B6C5E1B2-3858-4CFA-8409-9F62682BD40D}.Debug|x86.Build.0 = Debug|x86
		{B6C5E1B2-3858-4CFA-8409-9F62682BD40D}.iOS|Any CPU.ActiveCfg = Release|x86
		{B6C5E1B2-3858-4CFA-8409-9F62682BD40D}.iOS|Mixed Platforms.ActiveCfg = Release|x86
		{B6C5E1B2-3858-4CFA-8409-9F62682BD40D}.iOS|Mixed Platforms.Build.0 = Release|x86
		{B6C5E1B2-3858-4CFA-8409-9F62682BD40D}.iOS|x86.ActiveCfg = Release|x86
		{B6C5E1B2-3858-4CFA-8409-9F62682BD40D}.iOS|x86.Build.0 = Release|x86
		{B6C5E1B2-3858-4CFA-8409-9F62682BD40D}.Linux|Any CPU.ActiveCfg = Release|x86
		{B6C5E1B2-3858-4CFA-8409-9F62682BD40D}.Linux|Mixed Platforms.ActiveCfg = Release|x86
		{B6C5E1B2-3858-4CFA-8409-9F62682BD40D}.Linux|Mixed Platforms.Build.0 = Release|x86
		{B6C5E1B2-3858-4CFA-8409-9F62682BD40D}.Linux|x86.ActiveCfg = Release|x86
		{B6C5E1B2-3858-4CFA-8409-9F62682BD40D}.Linux|x86.Build.0 = Release|x86
		{B6C5E1B2-3858-4CFA-8409-9F62682BD40D}.OSX|Any CPU.ActiveCfg = Release|x86
		{B6C5E1B2-3858-4CFA-8409-9F62682BD40D}.OSX|Mixed Platforms.ActiveCfg = Release|x86
		{B6C5E1B2-3858-4CFA-8409-9F62682BD40D}.OSX|Mixed Platforms.Build.0 = Release|x86
		{B6C5E1B2-3858-4CFA-8409-9F62682BD40D}.OSX|x86.ActiveCfg = Release|x86
		{B6C5E1B2-3858-4CFA-8409-9F62682BD40D}.OSX|x86.Build.0 = Release|x86
		{B6C5E1B2-3858-4CFA-8409-9F62682BD40D}.PSM|Any CPU.ActiveCfg = Release|x86
		{B6C5E1B2-3858-4CFA-8409-9F62682BD40D}.PSM|Mixed Platforms.ActiveCfg = Release|x86
		{B6C5E1B2-3858-4CFA-8409-9F62682BD40D}.PSM|Mixed Platforms.Build.0 = Release|x86
		{B6C5E1B2-3858-4CFA-8409-9F62682BD40D}.PSM|x86.ActiveCfg = Release|x86
		{B6C5E1B2-3858-4CFA-8409-9F62682BD40D}.PSM|x86.Build.0 = Release|x86
		{B6C5E1B2-3858-4CFA-8409-9F62682BD40D}.Release|Any CPU.ActiveCfg = Release|x86
		{B6C5E1B2-3858-4CFA-8409-9F62682BD40D}.Release|Mixed Platforms.ActiveCfg = Release|x86
		{B6C5E1B2-3858-4CFA-8409-9F62682BD40D}.Release|Mixed Platforms.Build.0 = Release|x86
		{B6C5E1B2-3858-4CFA-8409-9F62682BD40D}.Release|x86.ActiveCfg = Release|x86
		{B6C5E1B2-3858-4CFA-8409-9F62682BD40D}.Release|x86.Build.0 = Release|x86
		{B6C5E1B2-3858-4CFA-8409-9F62682BD40D}.Windows|Any CPU.ActiveCfg = Release|x86
		{B6C5E1B2-3858-4CFA-8409-9F62682BD40D}.Windows|Mixed Platforms.ActiveCfg = Release|x86
		{B6C5E1B2-3858-4CFA-8409-9F62682BD40D}.Windows|Mixed Platforms.Build.0 = Release|x86
		{B6C5E1B2-3858-4CFA-8409-9F62682BD40D}.Windows|x86.ActiveCfg = Release|x86
		{B6C5E1B2-3858-4CFA-8409-9F62682BD40D}.Windows|x86.Build.0 = Release|x86
		{B6C5E1B2-3858-4CFA-8409-9F62682BD40D}.Windows8|Any CPU.ActiveCfg = Release|x86
		{B6C5E1B2-3858-4CFA-8409-9F62682BD40D}.Windows8|Mixed Platforms.ActiveCfg = Release|x86
		{B6C5E1B2-3858-4CFA-8409-9F62682BD40D}.Windows8|Mixed Platforms.Build.0 = Release|x86
		{B6C5E1B2-3858-4CFA-8409-9F62682BD40D}.Windows8|x86.ActiveCfg = Release|x86
		{B6C5E1B2-3858-4CFA-8409-9F62682BD40D}.Windows8|x86.Build.0 = Release|x86
		{B2F2779E-2D35-409D-AC28-0661CA19F08F}.Android|Any CPU.ActiveCfg = Android|Any CPU
		{B2F2779E-2D35-409D-AC28-0661CA19F08F}.Android|Any CPU.Build.0 = Android|Any CPU
		{B2F2779E-2D35-409D-AC28-0661CA19F08F}.Android|Mixed Platforms.ActiveCfg = Android|Any CPU
		{B2F2779E-2D35-409D-AC28-0661CA19F08F}.Android|Mixed Platforms.Build.0 = Android|Any CPU
		{B2F2779E-2D35-409D-AC28-0661CA19F08F}.Android|x86.ActiveCfg = Android|Any CPU
		{B2F2779E-2D35-409D-AC28-0661CA19F08F}.Debug|Any CPU.ActiveCfg = Windows|Any CPU
		{B2F2779E-2D35-409D-AC28-0661CA19F08F}.Debug|Any CPU.Build.0 = Windows|Any CPU
		{B2F2779E-2D35-409D-AC28-0661CA19F08F}.Debug|Mixed Platforms.ActiveCfg = PSM|Any CPU
		{B2F2779E-2D35-409D-AC28-0661CA19F08F}.Debug|Mixed Platforms.Build.0 = PSM|Any CPU
		{B2F2779E-2D35-409D-AC28-0661CA19F08F}.Debug|x86.ActiveCfg = PSM|Any CPU
		{B2F2779E-2D35-409D-AC28-0661CA19F08F}.iOS|Any CPU.ActiveCfg = iOS|Any CPU
		{B2F2779E-2D35-409D-AC28-0661CA19F08F}.iOS|Any CPU.Build.0 = iOS|Any CPU
		{B2F2779E-2D35-409D-AC28-0661CA19F08F}.iOS|Mixed Platforms.ActiveCfg = iOS|Any CPU
		{B2F2779E-2D35-409D-AC28-0661CA19F08F}.iOS|Mixed Platforms.Build.0 = iOS|Any CPU
		{B2F2779E-2D35-409D-AC28-0661CA19F08F}.iOS|x86.ActiveCfg = iOS|Any CPU
		{B2F2779E-2D35-409D-AC28-0661CA19F08F}.Linux|Any CPU.ActiveCfg = Linux|Any CPU
		{B2F2779E-2D35-409D-AC28-0661CA19F08F}.Linux|Any CPU.Build.0 = Linux|Any CPU
		{B2F2779E-2D35-409D-AC28-0661CA19F08F}.Linux|Mixed Platforms.ActiveCfg = Linux|Any CPU
		{B2F2779E-2D35-409D-AC28-0661CA19F08F}.Linux|Mixed Platforms.Build.0 = Linux|Any CPU
		{B2F2779E-2D35-409D-AC28-0661CA19F08F}.Linux|x86.ActiveCfg = Linux|Any CPU
		{B2F2779E-2D35-409D-AC28-0661CA19F08F}.OSX|Any CPU.ActiveCfg = OSX|Any CPU
		{B2F2779E-2D35-409D-AC28-0661CA19F08F}.OSX|Any CPU.Build.0 = OSX|Any CPU
		{B2F2779E-2D35-409D-AC28-0661CA19F08F}.OSX|Mixed Platforms.ActiveCfg = OSX|Any CPU
		{B2F2779E-2D35-409D-AC28-0661CA19F08F}.OSX|Mixed Platforms.Build.0 = OSX|Any CPU
		{B2F2779E-2D35-409D-AC28-0661CA19F08F}.OSX|x86.ActiveCfg = OSX|Any CPU
		{B2F2779E-2D35-409D-AC28-0661CA19F08F}.PSM|Any CPU.ActiveCfg = PSM|Any CPU
		{B2F2779E-2D35-409D-AC28-0661CA19F08F}.PSM|Any CPU.Build.0 = PSM|Any CPU
		{B2F2779E-2D35-409D-AC28-0661CA19F08F}.PSM|Mixed Platforms.ActiveCfg = PSM|Any CPU
		{B2F2779E-2D35-409D-AC28-0661CA19F08F}.PSM|Mixed Platforms.Build.0 = PSM|Any CPU
		{B2F2779E-2D35-409D-AC28-0661CA19F08F}.PSM|x86.ActiveCfg = PSM|Any CPU
		{B2F2779E-2D35-409D-AC28-0661CA19F08F}.Release|Any CPU.ActiveCfg = PSM|Any CPU
		{B2F2779E-2D35-409D-AC28-0661CA19F08F}.Release|Any CPU.Build.0 = PSM|Any CPU
		{B2F2779E-2D35-409D-AC28-0661CA19F08F}.Release|Mixed Platforms.ActiveCfg = PSM|Any CPU
		{B2F2779E-2D35-409D-AC28-0661CA19F08F}.Release|Mixed Platforms.Build.0 = PSM|Any CPU
		{B2F2779E-2D35-409D-AC28-0661CA19F08F}.Release|x86.ActiveCfg = PSM|Any CPU
		{B2F2779E-2D35-409D-AC28-0661CA19F08F}.Windows|Any CPU.ActiveCfg = Windows|Any CPU
		{B2F2779E-2D35-409D-AC28-0661CA19F08F}.Windows|Any CPU.Build.0 = Windows|Any CPU
		{B2F2779E-2D35-409D-AC28-0661CA19F08F}.Windows|Mixed Platforms.ActiveCfg = Windows|Any CPU
		{B2F2779E-2D35-409D-AC28-0661CA19F08F}.Windows|Mixed Platforms.Build.0 = Windows|Any CPU
		{B2F2779E-2D35-409D-AC28-0661CA19F08F}.Windows|x86.ActiveCfg = Windows|Any CPU
		{B2F2779E-2D35-409D-AC28-0661CA19F08F}.Windows8|Any CPU.ActiveCfg = Windows8|Any CPU
		{B2F2779E-2D35-409D-AC28-0661CA19F08F}.Windows8|Any CPU.Build.0 = Windows8|Any CPU
		{B2F2779E-2D35-409D-AC28-0661CA19F08F}.Windows8|Mixed Platforms.ActiveCfg = Windows8|Any CPU
		{B2F2779E-2D35-409D-AC28-0661CA19F08F}.Windows8|Mixed Platforms.Build.0 = Windows8|Any CPU
		{B2F2779E-2D35-409D-AC28-0661CA19F08F}.Windows8|x86.ActiveCfg = Windows8|Any CPU
		{61B849FB-36B4-4D37-AD86-F27E94E11E32}.Android|Any CPU.ActiveCfg = Android|Any CPU
		{61B849FB-36B4-4D37-AD86-F27E94E11E32}.Android|Mixed Platforms.ActiveCfg = Android|Any CPU
		{61B849FB-36B4-4D37-AD86-F27E94E11E32}.Android|x86.ActiveCfg = Android|Any CPU
		{61B849FB-36B4-4D37-AD86-F27E94E11E32}.Debug|Any CPU.ActiveCfg = PSM|Any CPU
		{61B849FB-36B4-4D37-AD86-F27E94E11E32}.Debug|Mixed Platforms.ActiveCfg = PSM|Any CPU
		{61B849FB-36B4-4D37-AD86-F27E94E11E32}.Debug|x86.ActiveCfg = PSM|Any CPU
		{61B849FB-36B4-4D37-AD86-F27E94E11E32}.iOS|Any CPU.ActiveCfg = iOS|Any CPU
		{61B849FB-36B4-4D37-AD86-F27E94E11E32}.iOS|Mixed Platforms.ActiveCfg = iOS|Any CPU
		{61B849FB-36B4-4D37-AD86-F27E94E11E32}.iOS|x86.ActiveCfg = iOS|Any CPU
		{61B849FB-36B4-4D37-AD86-F27E94E11E32}.Linux|Any CPU.ActiveCfg = Linux|Any CPU
		{61B849FB-36B4-4D37-AD86-F27E94E11E32}.Linux|Mixed Platforms.ActiveCfg = Linux|Any CPU
		{61B849FB-36B4-4D37-AD86-F27E94E11E32}.Linux|x86.ActiveCfg = Linux|Any CPU
		{61B849FB-36B4-4D37-AD86-F27E94E11E32}.OSX|Any CPU.ActiveCfg = OSX|Any CPU
		{61B849FB-36B4-4D37-AD86-F27E94E11E32}.OSX|Mixed Platforms.ActiveCfg = OSX|Any CPU
		{61B849FB-36B4-4D37-AD86-F27E94E11E32}.OSX|x86.ActiveCfg = OSX|Any CPU
		{61B849FB-36B4-4D37-AD86-F27E94E11E32}.PSM|Any CPU.ActiveCfg = PSM|Any CPU
		{61B849FB-36B4-4D37-AD86-F27E94E11E32}.PSM|Mixed Platforms.ActiveCfg = PSM|Any CPU
		{61B849FB-36B4-4D37-AD86-F27E94E11E32}.PSM|x86.ActiveCfg = PSM|Any CPU
		{61B849FB-36B4-4D37-AD86-F27E94E11E32}.Release|Any CPU.ActiveCfg = PSM|Any CPU
		{61B849FB-36B4-4D37-AD86-F27E94E11E32}.Release|Mixed Platforms.ActiveCfg = PSM|Any CPU
		{61B849FB-36B4-4D37-AD86-F27E94E11E32}.Release|x86.ActiveCfg = PSM|Any CPU
		{61B849FB-36B4-4D37-AD86-F27E94E11E32}.Windows|Any CPU.ActiveCfg = Windows|Any CPU
		{61B849FB-36B4-4D37-AD86-F27E94E11E32}.Windows|Mixed Platforms.ActiveCfg = Windows|Any CPU
		{61B849FB-36B4-4D37-AD86-F27E94E11E32}.Windows|x86.ActiveCfg = Windows|Any CPU
		{61B849FB-36B4-4D37-AD86-F27E94E11E32}.Windows8|Any CPU.ActiveCfg = Windows8|Any CPU
		{61B849FB-36B4-4D37-AD86-F27E94E11E32}.Windows8|Mixed Platforms.ActiveCfg = Windows8|Any CPU
		{61B849FB-36B4-4D37-AD86-F27E94E11E32}.Windows8|x86.ActiveCfg = Windows8|Any CPU
		{61829F1D-D89D-4B13-BB47-4B13DAFFB205}.Android|Any CPU.ActiveCfg = Release|Any CPU
		{61829F1D-D89D-4B13-BB47-4B13DAFFB205}.Android|Any CPU.Build.0 = Release|Any CPU
		{61829F1D-D89D-4B13-BB47-4B13DAFFB205}.Android|Mixed Platforms.ActiveCfg = Release|Any CPU
		{61829F1D-D89D-4B13-BB47-4B13DAFFB205}.Android|Mixed Platforms.Build.0 = Release|Any CPU
		{61829F1D-D89D-4B13-BB47-4B13DAFFB205}.Android|x86.ActiveCfg = Release|Any CPU
		{61829F1D-D89D-4B13-BB47-4B13DAFFB205}.Debug|Any CPU.ActiveCfg = Debug|Any CPU
		{61829F1D-D89D-4B13-BB47-4B13DAFFB205}.Debug|Any CPU.Build.0 = Debug|Any CPU
		{61829F1D-D89D-4B13-BB47-4B13DAFFB205}.Debug|Mixed Platforms.ActiveCfg = Debug|Any CPU
		{61829F1D-D89D-4B13-BB47-4B13DAFFB205}.Debug|Mixed Platforms.Build.0 = Debug|Any CPU
		{61829F1D-D89D-4B13-BB47-4B13DAFFB205}.Debug|x86.ActiveCfg = Debug|Any CPU
		{61829F1D-D89D-4B13-BB47-4B13DAFFB205}.iOS|Any CPU.ActiveCfg = Release|Any CPU
		{61829F1D-D89D-4B13-BB47-4B13DAFFB205}.iOS|Any CPU.Build.0 = Release|Any CPU
		{61829F1D-D89D-4B13-BB47-4B13DAFFB205}.iOS|Mixed Platforms.ActiveCfg = Release|Any CPU
		{61829F1D-D89D-4B13-BB47-4B13DAFFB205}.iOS|Mixed Platforms.Build.0 = Release|Any CPU
		{61829F1D-D89D-4B13-BB47-4B13DAFFB205}.iOS|x86.ActiveCfg = Release|Any CPU
		{61829F1D-D89D-4B13-BB47-4B13DAFFB205}.Linux|Any CPU.ActiveCfg = Release|Any CPU
		{61829F1D-D89D-4B13-BB47-4B13DAFFB205}.Linux|Any CPU.Build.0 = Release|Any CPU
		{61829F1D-D89D-4B13-BB47-4B13DAFFB205}.Linux|Mixed Platforms.ActiveCfg = Release|Any CPU
		{61829F1D-D89D-4B13-BB47-4B13DAFFB205}.Linux|Mixed Platforms.Build.0 = Release|Any CPU
		{61829F1D-D89D-4B13-BB47-4B13DAFFB205}.Linux|x86.ActiveCfg = Release|Any CPU
		{61829F1D-D89D-4B13-BB47-4B13DAFFB205}.OSX|Any CPU.ActiveCfg = Release|Any CPU
		{61829F1D-D89D-4B13-BB47-4B13DAFFB205}.OSX|Any CPU.Build.0 = Release|Any CPU
		{61829F1D-D89D-4B13-BB47-4B13DAFFB205}.OSX|Mixed Platforms.ActiveCfg = Release|Any CPU
		{61829F1D-D89D-4B13-BB47-4B13DAFFB205}.OSX|Mixed Platforms.Build.0 = Release|Any CPU
		{61829F1D-D89D-4B13-BB47-4B13DAFFB205}.OSX|x86.ActiveCfg = Release|Any CPU
		{61829F1D-D89D-4B13-BB47-4B13DAFFB205}.PSM|Any CPU.ActiveCfg = Release|Any CPU
		{61829F1D-D89D-4B13-BB47-4B13DAFFB205}.PSM|Any CPU.Build.0 = Release|Any CPU
		{61829F1D-D89D-4B13-BB47-4B13DAFFB205}.PSM|Mixed Platforms.ActiveCfg = Release|Any CPU
		{61829F1D-D89D-4B13-BB47-4B13DAFFB205}.PSM|Mixed Platforms.Build.0 = Release|Any CPU
		{61829F1D-D89D-4B13-BB47-4B13DAFFB205}.PSM|x86.ActiveCfg = Release|Any CPU
		{61829F1D-D89D-4B13-BB47-4B13DAFFB205}.Release|Any CPU.ActiveCfg = Release|Any CPU
		{61829F1D-D89D-4B13-BB47-4B13DAFFB205}.Release|Any CPU.Build.0 = Release|Any CPU
		{61829F1D-D89D-4B13-BB47-4B13DAFFB205}.Release|Mixed Platforms.ActiveCfg = Release|Any CPU
		{61829F1D-D89D-4B13-BB47-4B13DAFFB205}.Release|Mixed Platforms.Build.0 = Release|Any CPU
		{61829F1D-D89D-4B13-BB47-4B13DAFFB205}.Release|x86.ActiveCfg = Release|Any CPU
		{61829F1D-D89D-4B13-BB47-4B13DAFFB205}.Windows|Any CPU.ActiveCfg = Release|Any CPU
		{61829F1D-D89D-4B13-BB47-4B13DAFFB205}.Windows|Any CPU.Build.0 = Release|Any CPU
		{61829F1D-D89D-4B13-BB47-4B13DAFFB205}.Windows|Mixed Platforms.ActiveCfg = Release|Any CPU
		{61829F1D-D89D-4B13-BB47-4B13DAFFB205}.Windows|Mixed Platforms.Build.0 = Release|Any CPU
		{61829F1D-D89D-4B13-BB47-4B13DAFFB205}.Windows|x86.ActiveCfg = Release|Any CPU
		{61829F1D-D89D-4B13-BB47-4B13DAFFB205}.Windows8|Any CPU.ActiveCfg = Release|Any CPU
		{61829F1D-D89D-4B13-BB47-4B13DAFFB205}.Windows8|Any CPU.Build.0 = Release|Any CPU
		{61829F1D-D89D-4B13-BB47-4B13DAFFB205}.Windows8|Mixed Platforms.ActiveCfg = Release|Any CPU
		{61829F1D-D89D-4B13-BB47-4B13DAFFB205}.Windows8|Mixed Platforms.Build.0 = Release|Any CPU
		{61829F1D-D89D-4B13-BB47-4B13DAFFB205}.Windows8|x86.ActiveCfg = Release|Any CPU
		{7AB9FC74-C671-41B1-9D26-9FBF03E275B4}.Android|Any CPU.ActiveCfg = Release|x86
		{7AB9FC74-C671-41B1-9D26-9FBF03E275B4}.Android|Mixed Platforms.ActiveCfg = Release|x86
		{7AB9FC74-C671-41B1-9D26-9FBF03E275B4}.Android|Mixed Platforms.Build.0 = Release|x86
		{7AB9FC74-C671-41B1-9D26-9FBF03E275B4}.Android|x86.ActiveCfg = Release|x86
		{7AB9FC74-C671-41B1-9D26-9FBF03E275B4}.Android|x86.Build.0 = Release|x86
		{7AB9FC74-C671-41B1-9D26-9FBF03E275B4}.Debug|Any CPU.ActiveCfg = Debug|Any CPU
		{7AB9FC74-C671-41B1-9D26-9FBF03E275B4}.Debug|Any CPU.Build.0 = Debug|Any CPU
		{7AB9FC74-C671-41B1-9D26-9FBF03E275B4}.Debug|Mixed Platforms.ActiveCfg = Debug|x86
		{7AB9FC74-C671-41B1-9D26-9FBF03E275B4}.Debug|Mixed Platforms.Build.0 = Debug|x86
		{7AB9FC74-C671-41B1-9D26-9FBF03E275B4}.Debug|x86.ActiveCfg = Debug|x86
		{7AB9FC74-C671-41B1-9D26-9FBF03E275B4}.Debug|x86.Build.0 = Debug|x86
		{7AB9FC74-C671-41B1-9D26-9FBF03E275B4}.iOS|Any CPU.ActiveCfg = Release|x86
		{7AB9FC74-C671-41B1-9D26-9FBF03E275B4}.iOS|Mixed Platforms.ActiveCfg = Release|x86
		{7AB9FC74-C671-41B1-9D26-9FBF03E275B4}.iOS|Mixed Platforms.Build.0 = Release|x86
		{7AB9FC74-C671-41B1-9D26-9FBF03E275B4}.iOS|x86.ActiveCfg = Release|x86
		{7AB9FC74-C671-41B1-9D26-9FBF03E275B4}.iOS|x86.Build.0 = Release|x86
		{7AB9FC74-C671-41B1-9D26-9FBF03E275B4}.Linux|Any CPU.ActiveCfg = Release|x86
		{7AB9FC74-C671-41B1-9D26-9FBF03E275B4}.Linux|Mixed Platforms.ActiveCfg = Release|x86
		{7AB9FC74-C671-41B1-9D26-9FBF03E275B4}.Linux|Mixed Platforms.Build.0 = Release|x86
		{7AB9FC74-C671-41B1-9D26-9FBF03E275B4}.Linux|x86.ActiveCfg = Release|x86
		{7AB9FC74-C671-41B1-9D26-9FBF03E275B4}.Linux|x86.Build.0 = Release|x86
		{7AB9FC74-C671-41B1-9D26-9FBF03E275B4}.OSX|Any CPU.ActiveCfg = Release|x86
		{7AB9FC74-C671-41B1-9D26-9FBF03E275B4}.OSX|Mixed Platforms.ActiveCfg = Release|x86
		{7AB9FC74-C671-41B1-9D26-9FBF03E275B4}.OSX|Mixed Platforms.Build.0 = Release|x86
		{7AB9FC74-C671-41B1-9D26-9FBF03E275B4}.OSX|x86.ActiveCfg = Release|x86
		{7AB9FC74-C671-41B1-9D26-9FBF03E275B4}.OSX|x86.Build.0 = Release|x86
		{7AB9FC74-C671-41B1-9D26-9FBF03E275B4}.PSM|Any CPU.ActiveCfg = Release|x86
		{7AB9FC74-C671-41B1-9D26-9FBF03E275B4}.PSM|Mixed Platforms.ActiveCfg = Release|x86
		{7AB9FC74-C671-41B1-9D26-9FBF03E275B4}.PSM|Mixed Platforms.Build.0 = Release|x86
		{7AB9FC74-C671-41B1-9D26-9FBF03E275B4}.PSM|x86.ActiveCfg = Release|x86
		{7AB9FC74-C671-41B1-9D26-9FBF03E275B4}.PSM|x86.Build.0 = Release|x86
		{7AB9FC74-C671-41B1-9D26-9FBF03E275B4}.Release|Any CPU.ActiveCfg = Release|x86
		{7AB9FC74-C671-41B1-9D26-9FBF03E275B4}.Release|Mixed Platforms.ActiveCfg = Release|x86
		{7AB9FC74-C671-41B1-9D26-9FBF03E275B4}.Release|Mixed Platforms.Build.0 = Release|x86
		{7AB9FC74-C671-41B1-9D26-9FBF03E275B4}.Release|x86.ActiveCfg = Release|x86
		{7AB9FC74-C671-41B1-9D26-9FBF03E275B4}.Release|x86.Build.0 = Release|x86
		{7AB9FC74-C671-41B1-9D26-9FBF03E275B4}.Windows|Any CPU.ActiveCfg = Release|x86
		{7AB9FC74-C671-41B1-9D26-9FBF03E275B4}.Windows|Mixed Platforms.ActiveCfg = Release|x86
		{7AB9FC74-C671-41B1-9D26-9FBF03E275B4}.Windows|Mixed Platforms.Build.0 = Release|x86
		{7AB9FC74-C671-41B1-9D26-9FBF03E275B4}.Windows|x86.ActiveCfg = Release|x86
		{7AB9FC74-C671-41B1-9D26-9FBF03E275B4}.Windows|x86.Build.0 = Release|x86
		{7AB9FC74-C671-41B1-9D26-9FBF03E275B4}.Windows8|Any CPU.ActiveCfg = Release|x86
		{7AB9FC74-C671-41B1-9D26-9FBF03E275B4}.Windows8|Mixed Platforms.ActiveCfg = Release|x86
		{7AB9FC74-C671-41B1-9D26-9FBF03E275B4}.Windows8|Mixed Platforms.Build.0 = Release|x86
		{7AB9FC74-C671-41B1-9D26-9FBF03E275B4}.Windows8|x86.ActiveCfg = Release|x86
		{7AB9FC74-C671-41B1-9D26-9FBF03E275B4}.Windows8|x86.Build.0 = Release|x86
		{6ABDAA0C-3E4A-48C6-8D37-67A07D32C25E}.Android|Any CPU.ActiveCfg = Release|Any CPU
		{6ABDAA0C-3E4A-48C6-8D37-67A07D32C25E}.Android|Any CPU.Build.0 = Release|Any CPU
		{6ABDAA0C-3E4A-48C6-8D37-67A07D32C25E}.Android|Mixed Platforms.ActiveCfg = Release|Any CPU
		{6ABDAA0C-3E4A-48C6-8D37-67A07D32C25E}.Android|Mixed Platforms.Build.0 = Release|Any CPU
		{6ABDAA0C-3E4A-48C6-8D37-67A07D32C25E}.Android|x86.ActiveCfg = Release|Any CPU
		{6ABDAA0C-3E4A-48C6-8D37-67A07D32C25E}.Debug|Any CPU.ActiveCfg = Debug|Any CPU
		{6ABDAA0C-3E4A-48C6-8D37-67A07D32C25E}.Debug|Mixed Platforms.ActiveCfg = Debug|Any CPU
		{6ABDAA0C-3E4A-48C6-8D37-67A07D32C25E}.Debug|Mixed Platforms.Build.0 = Debug|Any CPU
		{6ABDAA0C-3E4A-48C6-8D37-67A07D32C25E}.Debug|x86.ActiveCfg = Debug|Any CPU
		{6ABDAA0C-3E4A-48C6-8D37-67A07D32C25E}.iOS|Any CPU.ActiveCfg = Release|Any CPU
		{6ABDAA0C-3E4A-48C6-8D37-67A07D32C25E}.iOS|Any CPU.Build.0 = Release|Any CPU
		{6ABDAA0C-3E4A-48C6-8D37-67A07D32C25E}.iOS|Mixed Platforms.ActiveCfg = Release|Any CPU
		{6ABDAA0C-3E4A-48C6-8D37-67A07D32C25E}.iOS|Mixed Platforms.Build.0 = Release|Any CPU
		{6ABDAA0C-3E4A-48C6-8D37-67A07D32C25E}.iOS|x86.ActiveCfg = Release|Any CPU
		{6ABDAA0C-3E4A-48C6-8D37-67A07D32C25E}.Linux|Any CPU.ActiveCfg = Release|Any CPU
		{6ABDAA0C-3E4A-48C6-8D37-67A07D32C25E}.Linux|Any CPU.Build.0 = Release|Any CPU
		{6ABDAA0C-3E4A-48C6-8D37-67A07D32C25E}.Linux|Mixed Platforms.ActiveCfg = Release|Any CPU
		{6ABDAA0C-3E4A-48C6-8D37-67A07D32C25E}.Linux|Mixed Platforms.Build.0 = Release|Any CPU
		{6ABDAA0C-3E4A-48C6-8D37-67A07D32C25E}.Linux|x86.ActiveCfg = Release|Any CPU
		{6ABDAA0C-3E4A-48C6-8D37-67A07D32C25E}.OSX|Any CPU.ActiveCfg = Release|Any CPU
		{6ABDAA0C-3E4A-48C6-8D37-67A07D32C25E}.OSX|Any CPU.Build.0 = Release|Any CPU
		{6ABDAA0C-3E4A-48C6-8D37-67A07D32C25E}.OSX|Mixed Platforms.ActiveCfg = Release|Any CPU
		{6ABDAA0C-3E4A-48C6-8D37-67A07D32C25E}.OSX|Mixed Platforms.Build.0 = Release|Any CPU
		{6ABDAA0C-3E4A-48C6-8D37-67A07D32C25E}.OSX|x86.ActiveCfg = Release|Any CPU
		{6ABDAA0C-3E4A-48C6-8D37-67A07D32C25E}.PSM|Any CPU.ActiveCfg = Release|Any CPU
		{6ABDAA0C-3E4A-48C6-8D37-67A07D32C25E}.PSM|Any CPU.Build.0 = Release|Any CPU
		{6ABDAA0C-3E4A-48C6-8D37-67A07D32C25E}.PSM|Mixed Platforms.ActiveCfg = Release|Any CPU
		{6ABDAA0C-3E4A-48C6-8D37-67A07D32C25E}.PSM|Mixed Platforms.Build.0 = Release|Any CPU
		{6ABDAA0C-3E4A-48C6-8D37-67A07D32C25E}.PSM|x86.ActiveCfg = Release|Any CPU
		{6ABDAA0C-3E4A-48C6-8D37-67A07D32C25E}.Release|Any CPU.ActiveCfg = Release|Any CPU
		{6ABDAA0C-3E4A-48C6-8D37-67A07D32C25E}.Release|Any CPU.Build.0 = Release|Any CPU
		{6ABDAA0C-3E4A-48C6-8D37-67A07D32C25E}.Release|Mixed Platforms.ActiveCfg = Release|Any CPU
		{6ABDAA0C-3E4A-48C6-8D37-67A07D32C25E}.Release|Mixed Platforms.Build.0 = Release|Any CPU
		{6ABDAA0C-3E4A-48C6-8D37-67A07D32C25E}.Release|x86.ActiveCfg = Release|Any CPU
		{6ABDAA0C-3E4A-48C6-8D37-67A07D32C25E}.Windows|Any CPU.ActiveCfg = Release|Any CPU
		{6ABDAA0C-3E4A-48C6-8D37-67A07D32C25E}.Windows|Any CPU.Build.0 = Release|Any CPU
		{6ABDAA0C-3E4A-48C6-8D37-67A07D32C25E}.Windows|Mixed Platforms.ActiveCfg = Release|Any CPU
		{6ABDAA0C-3E4A-48C6-8D37-67A07D32C25E}.Windows|Mixed Platforms.Build.0 = Release|Any CPU
		{6ABDAA0C-3E4A-48C6-8D37-67A07D32C25E}.Windows|x86.ActiveCfg = Release|Any CPU
		{6ABDAA0C-3E4A-48C6-8D37-67A07D32C25E}.Windows8|Any CPU.ActiveCfg = Release|Any CPU
		{6ABDAA0C-3E4A-48C6-8D37-67A07D32C25E}.Windows8|Any CPU.Build.0 = Release|Any CPU
		{6ABDAA0C-3E4A-48C6-8D37-67A07D32C25E}.Windows8|Mixed Platforms.ActiveCfg = Release|Any CPU
		{6ABDAA0C-3E4A-48C6-8D37-67A07D32C25E}.Windows8|Mixed Platforms.Build.0 = Release|Any CPU
		{6ABDAA0C-3E4A-48C6-8D37-67A07D32C25E}.Windows8|x86.ActiveCfg = Release|Any CPU
		{39AD1482-1881-4852-A05D-DC61B0D3446A}.Android|Any CPU.ActiveCfg = Release|Any CPU
		{39AD1482-1881-4852-A05D-DC61B0D3446A}.Android|Any CPU.Build.0 = Release|Any CPU
		{39AD1482-1881-4852-A05D-DC61B0D3446A}.Android|Mixed Platforms.ActiveCfg = Release|x86
		{39AD1482-1881-4852-A05D-DC61B0D3446A}.Android|Mixed Platforms.Build.0 = Release|x86
		{39AD1482-1881-4852-A05D-DC61B0D3446A}.Android|x86.ActiveCfg = Release|x86
		{39AD1482-1881-4852-A05D-DC61B0D3446A}.Android|x86.Build.0 = Release|x86
		{39AD1482-1881-4852-A05D-DC61B0D3446A}.Debug|Any CPU.ActiveCfg = Debug|Any CPU
		{39AD1482-1881-4852-A05D-DC61B0D3446A}.Debug|Any CPU.Build.0 = Debug|Any CPU
		{39AD1482-1881-4852-A05D-DC61B0D3446A}.Debug|Mixed Platforms.ActiveCfg = Debug|x86
		{39AD1482-1881-4852-A05D-DC61B0D3446A}.Debug|Mixed Platforms.Build.0 = Debug|x86
		{39AD1482-1881-4852-A05D-DC61B0D3446A}.Debug|x86.ActiveCfg = Debug|x86
		{39AD1482-1881-4852-A05D-DC61B0D3446A}.Debug|x86.Build.0 = Debug|x86
		{39AD1482-1881-4852-A05D-DC61B0D3446A}.iOS|Any CPU.ActiveCfg = Release|Any CPU
		{39AD1482-1881-4852-A05D-DC61B0D3446A}.iOS|Any CPU.Build.0 = Release|Any CPU
		{39AD1482-1881-4852-A05D-DC61B0D3446A}.iOS|Mixed Platforms.ActiveCfg = Release|x86
		{39AD1482-1881-4852-A05D-DC61B0D3446A}.iOS|Mixed Platforms.Build.0 = Release|x86
		{39AD1482-1881-4852-A05D-DC61B0D3446A}.iOS|x86.ActiveCfg = Release|x86
		{39AD1482-1881-4852-A05D-DC61B0D3446A}.iOS|x86.Build.0 = Release|x86
		{39AD1482-1881-4852-A05D-DC61B0D3446A}.Linux|Any CPU.ActiveCfg = Release|Any CPU
		{39AD1482-1881-4852-A05D-DC61B0D3446A}.Linux|Any CPU.Build.0 = Release|Any CPU
		{39AD1482-1881-4852-A05D-DC61B0D3446A}.Linux|Mixed Platforms.ActiveCfg = Release|x86
		{39AD1482-1881-4852-A05D-DC61B0D3446A}.Linux|Mixed Platforms.Build.0 = Release|x86
		{39AD1482-1881-4852-A05D-DC61B0D3446A}.Linux|x86.ActiveCfg = Release|x86
		{39AD1482-1881-4852-A05D-DC61B0D3446A}.Linux|x86.Build.0 = Release|x86
		{39AD1482-1881-4852-A05D-DC61B0D3446A}.OSX|Any CPU.ActiveCfg = Release|Any CPU
		{39AD1482-1881-4852-A05D-DC61B0D3446A}.OSX|Any CPU.Build.0 = Release|Any CPU
		{39AD1482-1881-4852-A05D-DC61B0D3446A}.OSX|Mixed Platforms.ActiveCfg = Release|x86
		{39AD1482-1881-4852-A05D-DC61B0D3446A}.OSX|Mixed Platforms.Build.0 = Release|x86
		{39AD1482-1881-4852-A05D-DC61B0D3446A}.OSX|x86.ActiveCfg = Release|x86
		{39AD1482-1881-4852-A05D-DC61B0D3446A}.OSX|x86.Build.0 = Release|x86
		{39AD1482-1881-4852-A05D-DC61B0D3446A}.PSM|Any CPU.ActiveCfg = Release|Any CPU
		{39AD1482-1881-4852-A05D-DC61B0D3446A}.PSM|Any CPU.Build.0 = Release|Any CPU
		{39AD1482-1881-4852-A05D-DC61B0D3446A}.PSM|Mixed Platforms.ActiveCfg = Release|x86
		{39AD1482-1881-4852-A05D-DC61B0D3446A}.PSM|Mixed Platforms.Build.0 = Release|x86
		{39AD1482-1881-4852-A05D-DC61B0D3446A}.PSM|x86.ActiveCfg = Release|x86
		{39AD1482-1881-4852-A05D-DC61B0D3446A}.PSM|x86.Build.0 = Release|x86
		{39AD1482-1881-4852-A05D-DC61B0D3446A}.Release|Any CPU.ActiveCfg = Release|Any CPU
		{39AD1482-1881-4852-A05D-DC61B0D3446A}.Release|Any CPU.Build.0 = Release|Any CPU
		{39AD1482-1881-4852-A05D-DC61B0D3446A}.Release|Mixed Platforms.ActiveCfg = Release|x86
		{39AD1482-1881-4852-A05D-DC61B0D3446A}.Release|Mixed Platforms.Build.0 = Release|x86
		{39AD1482-1881-4852-A05D-DC61B0D3446A}.Release|x86.ActiveCfg = Release|x86
		{39AD1482-1881-4852-A05D-DC61B0D3446A}.Release|x86.Build.0 = Release|x86
		{39AD1482-1881-4852-A05D-DC61B0D3446A}.Windows|Any CPU.ActiveCfg = Release|Any CPU
		{39AD1482-1881-4852-A05D-DC61B0D3446A}.Windows|Any CPU.Build.0 = Release|Any CPU
		{39AD1482-1881-4852-A05D-DC61B0D3446A}.Windows|Mixed Platforms.ActiveCfg = Release|x86
		{39AD1482-1881-4852-A05D-DC61B0D3446A}.Windows|Mixed Platforms.Build.0 = Release|x86
		{39AD1482-1881-4852-A05D-DC61B0D3446A}.Windows|x86.ActiveCfg = Release|x86
		{39AD1482-1881-4852-A05D-DC61B0D3446A}.Windows|x86.Build.0 = Release|x86
		{39AD1482-1881-4852-A05D-DC61B0D3446A}.Windows8|Any CPU.ActiveCfg = Release|Any CPU
		{39AD1482-1881-4852-A05D-DC61B0D3446A}.Windows8|Any CPU.Build.0 = Release|Any CPU
		{39AD1482-1881-4852-A05D-DC61B0D3446A}.Windows8|Mixed Platforms.ActiveCfg = Release|x86
		{39AD1482-1881-4852-A05D-DC61B0D3446A}.Windows8|Mixed Platforms.Build.0 = Release|x86
		{39AD1482-1881-4852-A05D-DC61B0D3446A}.Windows8|x86.ActiveCfg = Release|x86
		{39AD1482-1881-4852-A05D-DC61B0D3446A}.Windows8|x86.Build.0 = Release|x86
		{B0F2FFCC-02F2-450C-AD5A-B60C685E2112}.Android|Any CPU.ActiveCfg = Release|Any CPU
		{B0F2FFCC-02F2-450C-AD5A-B60C685E2112}.Android|Any CPU.Build.0 = Release|Any CPU
		{B0F2FFCC-02F2-450C-AD5A-B60C685E2112}.Android|Mixed Platforms.ActiveCfg = Release|Any CPU
		{B0F2FFCC-02F2-450C-AD5A-B60C685E2112}.Android|Mixed Platforms.Build.0 = Release|Any CPU
		{B0F2FFCC-02F2-450C-AD5A-B60C685E2112}.Android|x86.ActiveCfg = Release|Any CPU
		{B0F2FFCC-02F2-450C-AD5A-B60C685E2112}.Debug|Any CPU.ActiveCfg = Debug|Any CPU
		{B0F2FFCC-02F2-450C-AD5A-B60C685E2112}.Debug|Any CPU.Build.0 = Debug|Any CPU
		{B0F2FFCC-02F2-450C-AD5A-B60C685E2112}.Debug|Mixed Platforms.ActiveCfg = Debug|Any CPU
		{B0F2FFCC-02F2-450C-AD5A-B60C685E2112}.Debug|Mixed Platforms.Build.0 = Debug|Any CPU
		{B0F2FFCC-02F2-450C-AD5A-B60C685E2112}.Debug|x86.ActiveCfg = Debug|Any CPU
		{B0F2FFCC-02F2-450C-AD5A-B60C685E2112}.iOS|Any CPU.ActiveCfg = Release|Any CPU
		{B0F2FFCC-02F2-450C-AD5A-B60C685E2112}.iOS|Any CPU.Build.0 = Release|Any CPU
		{B0F2FFCC-02F2-450C-AD5A-B60C685E2112}.iOS|Mixed Platforms.ActiveCfg = Release|Any CPU
		{B0F2FFCC-02F2-450C-AD5A-B60C685E2112}.iOS|Mixed Platforms.Build.0 = Release|Any CPU
		{B0F2FFCC-02F2-450C-AD5A-B60C685E2112}.iOS|x86.ActiveCfg = Release|Any CPU
		{B0F2FFCC-02F2-450C-AD5A-B60C685E2112}.Linux|Any CPU.ActiveCfg = Release|Any CPU
		{B0F2FFCC-02F2-450C-AD5A-B60C685E2112}.Linux|Any CPU.Build.0 = Release|Any CPU
		{B0F2FFCC-02F2-450C-AD5A-B60C685E2112}.Linux|Mixed Platforms.ActiveCfg = Release|Any CPU
		{B0F2FFCC-02F2-450C-AD5A-B60C685E2112}.Linux|Mixed Platforms.Build.0 = Release|Any CPU
		{B0F2FFCC-02F2-450C-AD5A-B60C685E2112}.Linux|x86.ActiveCfg = Release|Any CPU
		{B0F2FFCC-02F2-450C-AD5A-B60C685E2112}.OSX|Any CPU.ActiveCfg = Release|Any CPU
		{B0F2FFCC-02F2-450C-AD5A-B60C685E2112}.OSX|Any CPU.Build.0 = Release|Any CPU
		{B0F2FFCC-02F2-450C-AD5A-B60C685E2112}.OSX|Mixed Platforms.ActiveCfg = Release|Any CPU
		{B0F2FFCC-02F2-450C-AD5A-B60C685E2112}.OSX|Mixed Platforms.Build.0 = Release|Any CPU
		{B0F2FFCC-02F2-450C-AD5A-B60C685E2112}.OSX|x86.ActiveCfg = Release|Any CPU
		{B0F2FFCC-02F2-450C-AD5A-B60C685E2112}.PSM|Any CPU.ActiveCfg = Release|Any CPU
		{B0F2FFCC-02F2-450C-AD5A-B60C685E2112}.PSM|Any CPU.Build.0 = Release|Any CPU
		{B0F2FFCC-02F2-450C-AD5A-B60C685E2112}.PSM|Mixed Platforms.ActiveCfg = Release|Any CPU
		{B0F2FFCC-02F2-450C-AD5A-B60C685E2112}.PSM|Mixed Platforms.Build.0 = Release|Any CPU
		{B0F2FFCC-02F2-450C-AD5A-B60C685E2112}.PSM|x86.ActiveCfg = Release|Any CPU
		{B0F2FFCC-02F2-450C-AD5A-B60C685E2112}.Release|Any CPU.ActiveCfg = Release|Any CPU
		{B0F2FFCC-02F2-450C-AD5A-B60C685E2112}.Release|Any CPU.Build.0 = Release|Any CPU
		{B0F2FFCC-02F2-450C-AD5A-B60C685E2112}.Release|Mixed Platforms.ActiveCfg = Release|Any CPU
		{B0F2FFCC-02F2-450C-AD5A-B60C685E2112}.Release|Mixed Platforms.Build.0 = Release|Any CPU
		{B0F2FFCC-02F2-450C-AD5A-B60C685E2112}.Release|x86.ActiveCfg = Release|Any CPU
		{B0F2FFCC-02F2-450C-AD5A-B60C685E2112}.Windows|Any CPU.ActiveCfg = Release|Any CPU
		{B0F2FFCC-02F2-450C-AD5A-B60C685E2112}.Windows|Any CPU.Build.0 = Release|Any CPU
		{B0F2FFCC-02F2-450C-AD5A-B60C685E2112}.Windows|Mixed Platforms.ActiveCfg = Release|Any CPU
		{B0F2FFCC-02F2-450C-AD5A-B60C685E2112}.Windows|Mixed Platforms.Build.0 = Release|Any CPU
		{B0F2FFCC-02F2-450C-AD5A-B60C685E2112}.Windows|x86.ActiveCfg = Release|Any CPU
		{B0F2FFCC-02F2-450C-AD5A-B60C685E2112}.Windows8|Any CPU.ActiveCfg = Release|Any CPU
		{B0F2FFCC-02F2-450C-AD5A-B60C685E2112}.Windows8|Any CPU.Build.0 = Release|Any CPU
		{B0F2FFCC-02F2-450C-AD5A-B60C685E2112}.Windows8|Mixed Platforms.ActiveCfg = Release|Any CPU
		{B0F2FFCC-02F2-450C-AD5A-B60C685E2112}.Windows8|Mixed Platforms.Build.0 = Release|Any CPU
		{B0F2FFCC-02F2-450C-AD5A-B60C685E2112}.Windows8|x86.ActiveCfg = Release|Any CPU
	EndGlobalSection
	GlobalSection(SolutionProperties) = preSolution
		HideSolutionNode = FALSE
	EndGlobalSection
EndGlobal
